// !$*UTF8*$!
{
	archiveVersion = 1;
	classes = {
	};
	objectVersion = 46;
	objects = {

/* Begin PBXBuildFile section */
		ECBFE88D1E2FFEE3003ABF04 /* AppDelegate.swift in Sources */ = {isa = PBXBuildFile; fileRef = ECBFE88C1E2FFEE3003ABF04 /* AppDelegate.swift */; };
		ECBFE88F1E2FFEE3003ABF04 /* MenuViewController.swift in Sources */ = {isa = PBXBuildFile; fileRef = ECBFE88E1E2FFEE3003ABF04 /* MenuViewController.swift */; };
		ECBFE8921E2FFEE3003ABF04 /* Video.storyboard in Resources */ = {isa = PBXBuildFile; fileRef = ECBFE8901E2FFEE3003ABF04 /* Video.storyboard */; };
		ECBFE8941E2FFEE3003ABF04 /* Assets.xcassets in Resources */ = {isa = PBXBuildFile; fileRef = ECBFE8931E2FFEE3003ABF04 /* Assets.xcassets */; };
		ECBFE89F1E2FFEE4003ABF04 /* PopcornTests.swift in Sources */ = {isa = PBXBuildFile; fileRef = ECBFE89E1E2FFEE4003ABF04 /* PopcornTests.swift */; };
		ECBFE8AA1E2FFEE4003ABF04 /* PopcornUITests.swift in Sources */ = {isa = PBXBuildFile; fileRef = ECBFE8A91E2FFEE4003ABF04 /* PopcornUITests.swift */; };
		ECBFE8BB1E3000A6003ABF04 /* VideoViewController.swift in Sources */ = {isa = PBXBuildFile; fileRef = ECBFE8BA1E3000A6003ABF04 /* VideoViewController.swift */; };
		ECBFE8BF1E3023E2003ABF04 /* TopMenu.storyboard in Resources */ = {isa = PBXBuildFile; fileRef = ECBFE8BE1E3023E2003ABF04 /* TopMenu.storyboard */; };
		ECBFE8C11E3023F0003ABF04 /* BottomMenu.storyboard in Resources */ = {isa = PBXBuildFile; fileRef = ECBFE8C01E3023F0003ABF04 /* BottomMenu.storyboard */; };
		ECBFE8C81E30269E003ABF04 /* Colors.txt in Resources */ = {isa = PBXBuildFile; fileRef = ECBFE8C71E30269E003ABF04 /* Colors.txt */; };
		ECBFE8CF1E3027A8003ABF04 /* Colors.swift in Sources */ = {isa = PBXBuildFile; fileRef = ECBFE8CD1E3027A8003ABF04 /* Colors.swift */; };
		ECBFE8D01E3027A8003ABF04 /* Storyboards.swift in Sources */ = {isa = PBXBuildFile; fileRef = ECBFE8CE1E3027A8003ABF04 /* Storyboards.swift */; };
		ECBFE8D21E30282A003ABF04 /* BottomMenuViewController.swift in Sources */ = {isa = PBXBuildFile; fileRef = ECBFE8D11E30282A003ABF04 /* BottomMenuViewController.swift */; };
		ECBFE8D81E319189003ABF04 /* TopMenuViewController.swift in Sources */ = {isa = PBXBuildFile; fileRef = ECBFE8D71E319189003ABF04 /* TopMenuViewController.swift */; };
		ECBFE8DB1E319F16003ABF04 /* TopMenuCollectionViewCell.swift in Sources */ = {isa = PBXBuildFile; fileRef = ECBFE8DA1E319F16003ABF04 /* TopMenuCollectionViewCell.swift */; };
		ECBFE8DF1E31A0FC003ABF04 /* MediaStream.swift in Sources */ = {isa = PBXBuildFile; fileRef = ECBFE8DE1E31A0FC003ABF04 /* MediaStream.swift */; };
		ECBFE8E11E31A252003ABF04 /* VideoStream.swift in Sources */ = {isa = PBXBuildFile; fileRef = ECBFE8E01E31A252003ABF04 /* VideoStream.swift */; };
		ECBFE8E31E31A264003ABF04 /* LiveStream.swift in Sources */ = {isa = PBXBuildFile; fileRef = ECBFE8E21E31A264003ABF04 /* LiveStream.swift */; };
/* End PBXBuildFile section */

/* Begin PBXContainerItemProxy section */
		ECBFE89B1E2FFEE4003ABF04 /* PBXContainerItemProxy */ = {
			isa = PBXContainerItemProxy;
			containerPortal = ECBFE8811E2FFEE3003ABF04 /* Project object */;
			proxyType = 1;
			remoteGlobalIDString = ECBFE8881E2FFEE3003ABF04;
			remoteInfo = Popcorn;
		};
		ECBFE8A61E2FFEE4003ABF04 /* PBXContainerItemProxy */ = {
			isa = PBXContainerItemProxy;
			containerPortal = ECBFE8811E2FFEE3003ABF04 /* Project object */;
			proxyType = 1;
			remoteGlobalIDString = ECBFE8881E2FFEE3003ABF04;
			remoteInfo = Popcorn;
		};
/* End PBXContainerItemProxy section */

/* Begin PBXFileReference section */
		ECBFE8891E2FFEE3003ABF04 /* Popcorn.app */ = {isa = PBXFileReference; explicitFileType = wrapper.application; includeInIndex = 0; path = Popcorn.app; sourceTree = BUILT_PRODUCTS_DIR; };
		ECBFE88C1E2FFEE3003ABF04 /* AppDelegate.swift */ = {isa = PBXFileReference; lastKnownFileType = sourcecode.swift; path = AppDelegate.swift; sourceTree = "<group>"; };
		ECBFE88E1E2FFEE3003ABF04 /* MenuViewController.swift */ = {isa = PBXFileReference; lastKnownFileType = sourcecode.swift; path = MenuViewController.swift; sourceTree = "<group>"; };
		ECBFE8911E2FFEE3003ABF04 /* Base */ = {isa = PBXFileReference; lastKnownFileType = file.storyboard; name = Base; path = Base.lproj/Video.storyboard; sourceTree = "<group>"; };
		ECBFE8931E2FFEE3003ABF04 /* Assets.xcassets */ = {isa = PBXFileReference; lastKnownFileType = folder.assetcatalog; path = Assets.xcassets; sourceTree = "<group>"; };
		ECBFE8951E2FFEE3003ABF04 /* Info.plist */ = {isa = PBXFileReference; lastKnownFileType = text.plist.xml; path = Info.plist; sourceTree = "<group>"; };
		ECBFE89A1E2FFEE4003ABF04 /* PopcornTests.xctest */ = {isa = PBXFileReference; explicitFileType = wrapper.cfbundle; includeInIndex = 0; path = PopcornTests.xctest; sourceTree = BUILT_PRODUCTS_DIR; };
		ECBFE89E1E2FFEE4003ABF04 /* PopcornTests.swift */ = {isa = PBXFileReference; lastKnownFileType = sourcecode.swift; path = PopcornTests.swift; sourceTree = "<group>"; };
		ECBFE8A01E2FFEE4003ABF04 /* Info.plist */ = {isa = PBXFileReference; lastKnownFileType = text.plist.xml; path = Info.plist; sourceTree = "<group>"; };
		ECBFE8A51E2FFEE4003ABF04 /* PopcornUITests.xctest */ = {isa = PBXFileReference; explicitFileType = wrapper.cfbundle; includeInIndex = 0; path = PopcornUITests.xctest; sourceTree = BUILT_PRODUCTS_DIR; };
		ECBFE8A91E2FFEE4003ABF04 /* PopcornUITests.swift */ = {isa = PBXFileReference; lastKnownFileType = sourcecode.swift; path = PopcornUITests.swift; sourceTree = "<group>"; };
		ECBFE8AB1E2FFEE4003ABF04 /* Info.plist */ = {isa = PBXFileReference; lastKnownFileType = text.plist.xml; path = Info.plist; sourceTree = "<group>"; };
		ECBFE8BA1E3000A6003ABF04 /* VideoViewController.swift */ = {isa = PBXFileReference; fileEncoding = 4; lastKnownFileType = sourcecode.swift; path = VideoViewController.swift; sourceTree = "<group>"; };
		ECBFE8BE1E3023E2003ABF04 /* TopMenu.storyboard */ = {isa = PBXFileReference; fileEncoding = 4; lastKnownFileType = file.storyboard; path = TopMenu.storyboard; sourceTree = "<group>"; };
		ECBFE8C01E3023F0003ABF04 /* BottomMenu.storyboard */ = {isa = PBXFileReference; fileEncoding = 4; lastKnownFileType = file.storyboard; path = BottomMenu.storyboard; sourceTree = "<group>"; };
		ECBFE8C71E30269E003ABF04 /* Colors.txt */ = {isa = PBXFileReference; fileEncoding = 4; lastKnownFileType = text; path = Colors.txt; sourceTree = "<group>"; };
		ECBFE8CD1E3027A8003ABF04 /* Colors.swift */ = {isa = PBXFileReference; fileEncoding = 4; lastKnownFileType = sourcecode.swift; path = Colors.swift; sourceTree = "<group>"; };
		ECBFE8CE1E3027A8003ABF04 /* Storyboards.swift */ = {isa = PBXFileReference; fileEncoding = 4; lastKnownFileType = sourcecode.swift; path = Storyboards.swift; sourceTree = "<group>"; };
		ECBFE8D11E30282A003ABF04 /* BottomMenuViewController.swift */ = {isa = PBXFileReference; fileEncoding = 4; lastKnownFileType = sourcecode.swift; path = BottomMenuViewController.swift; sourceTree = "<group>"; };
		ECBFE8D71E319189003ABF04 /* TopMenuViewController.swift */ = {isa = PBXFileReference; fileEncoding = 4; lastKnownFileType = sourcecode.swift; path = TopMenuViewController.swift; sourceTree = "<group>"; };
		ECBFE8DA1E319F16003ABF04 /* TopMenuCollectionViewCell.swift */ = {isa = PBXFileReference; fileEncoding = 4; lastKnownFileType = sourcecode.swift; path = TopMenuCollectionViewCell.swift; sourceTree = "<group>"; };
		ECBFE8DE1E31A0FC003ABF04 /* MediaStream.swift */ = {isa = PBXFileReference; fileEncoding = 4; lastKnownFileType = sourcecode.swift; path = MediaStream.swift; sourceTree = "<group>"; };
		ECBFE8E01E31A252003ABF04 /* VideoStream.swift */ = {isa = PBXFileReference; fileEncoding = 4; lastKnownFileType = sourcecode.swift; path = VideoStream.swift; sourceTree = "<group>"; };
		ECBFE8E21E31A264003ABF04 /* LiveStream.swift */ = {isa = PBXFileReference; fileEncoding = 4; lastKnownFileType = sourcecode.swift; path = LiveStream.swift; sourceTree = "<group>"; };
/* End PBXFileReference section */

/* Begin PBXFrameworksBuildPhase section */
		ECBFE8861E2FFEE3003ABF04 /* Frameworks */ = {
			isa = PBXFrameworksBuildPhase;
			buildActionMask = 2147483647;
			files = (
			);
			runOnlyForDeploymentPostprocessing = 0;
		};
		ECBFE8971E2FFEE4003ABF04 /* Frameworks */ = {
			isa = PBXFrameworksBuildPhase;
			buildActionMask = 2147483647;
			files = (
			);
			runOnlyForDeploymentPostprocessing = 0;
		};
		ECBFE8A21E2FFEE4003ABF04 /* Frameworks */ = {
			isa = PBXFrameworksBuildPhase;
			buildActionMask = 2147483647;
			files = (
			);
			runOnlyForDeploymentPostprocessing = 0;
		};
/* End PBXFrameworksBuildPhase section */

/* Begin PBXGroup section */
		ECBFE8801E2FFEE3003ABF04 = {
			isa = PBXGroup;
			children = (
				ECBFE8C71E30269E003ABF04 /* Colors.txt */,
				ECBFE88B1E2FFEE3003ABF04 /* Popcorn */,
				ECBFE89D1E2FFEE4003ABF04 /* PopcornTests */,
				ECBFE8A81E2FFEE4003ABF04 /* PopcornUITests */,
				ECBFE88A1E2FFEE3003ABF04 /* Products */,
			);
			sourceTree = "<group>";
		};
		ECBFE88A1E2FFEE3003ABF04 /* Products */ = {
			isa = PBXGroup;
			children = (
				ECBFE8891E2FFEE3003ABF04 /* Popcorn.app */,
				ECBFE89A1E2FFEE4003ABF04 /* PopcornTests.xctest */,
				ECBFE8A51E2FFEE4003ABF04 /* PopcornUITests.xctest */,
			);
			name = Products;
			sourceTree = "<group>";
		};
		ECBFE88B1E2FFEE3003ABF04 /* Popcorn */ = {
			isa = PBXGroup;
			children = (
				ECBFE8BD1E3010D2003ABF04 /* Code */,
				ECBFE8BC1E30109F003ABF04 /*  Storyboards */,
				ECBFE8B71E2FFF9B003ABF04 /* Assets */,
				ECBFE8951E2FFEE3003ABF04 /* Info.plist */,
				ECBFE8CC1E30278E003ABF04 /* Constants */,
			);
			path = Popcorn;
			sourceTree = "<group>";
		};
		ECBFE89D1E2FFEE4003ABF04 /* PopcornTests */ = {
			isa = PBXGroup;
			children = (
				ECBFE89E1E2FFEE4003ABF04 /* PopcornTests.swift */,
				ECBFE8A01E2FFEE4003ABF04 /* Info.plist */,
			);
			path = PopcornTests;
			sourceTree = "<group>";
		};
		ECBFE8A81E2FFEE4003ABF04 /* PopcornUITests */ = {
			isa = PBXGroup;
			children = (
				ECBFE8A91E2FFEE4003ABF04 /* PopcornUITests.swift */,
				ECBFE8AB1E2FFEE4003ABF04 /* Info.plist */,
			);
			path = PopcornUITests;
			sourceTree = "<group>";
		};
		ECBFE8B71E2FFF9B003ABF04 /* Assets */ = {
			isa = PBXGroup;
			children = (
				ECBFE8931E2FFEE3003ABF04 /* Assets.xcassets */,
			);
			name = Assets;
			sourceTree = "<group>";
		};
		ECBFE8BC1E30109F003ABF04 /*  Storyboards */ = {
			isa = PBXGroup;
			children = (
				ECBFE8BE1E3023E2003ABF04 /* TopMenu.storyboard */,
				ECBFE8901E2FFEE3003ABF04 /* Video.storyboard */,
				ECBFE8C01E3023F0003ABF04 /* BottomMenu.storyboard */,
			);
			name = " Storyboards";
			sourceTree = "<group>";
		};
		ECBFE8BD1E3010D2003ABF04 /* Code */ = {
			isa = PBXGroup;
			children = (
				ECBFE88C1E2FFEE3003ABF04 /* AppDelegate.swift */,
				ECBFE88E1E2FFEE3003ABF04 /* MenuViewController.swift */,
				ECBFE8BA1E3000A6003ABF04 /* VideoViewController.swift */,
				ECBFE8DC1E319F1D003ABF04 /* TopMenu */,
				ECBFE8DD1E319F28003ABF04 /* BottomMenu */,
				ECBFE8D91E31977E003ABF04 /* Models */,
			);
			name = Code;
			sourceTree = "<group>";
		};
		ECBFE8CC1E30278E003ABF04 /* Constants */ = {
			isa = PBXGroup;
			children = (
				ECBFE8CD1E3027A8003ABF04 /* Colors.swift */,
				ECBFE8CE1E3027A8003ABF04 /* Storyboards.swift */,
			);
			path = Constants;
			sourceTree = "<group>";
		};
		ECBFE8D91E31977E003ABF04 /* Models */ = {
			isa = PBXGroup;
			children = (
				ECBFE8DE1E31A0FC003ABF04 /* MediaStream.swift */,
				ECBFE8E01E31A252003ABF04 /* VideoStream.swift */,
				ECBFE8E21E31A264003ABF04 /* LiveStream.swift */,
			);
			name = Models;
			sourceTree = "<group>";
		};
		ECBFE8DC1E319F1D003ABF04 /* TopMenu */ = {
			isa = PBXGroup;
			children = (
				ECBFE8D71E319189003ABF04 /* TopMenuViewController.swift */,
				ECBFE8DA1E319F16003ABF04 /* TopMenuCollectionViewCell.swift */,
			);
			name = TopMenu;
			sourceTree = "<group>";
		};
		ECBFE8DD1E319F28003ABF04 /* BottomMenu */ = {
			isa = PBXGroup;
			children = (
				ECBFE8D11E30282A003ABF04 /* BottomMenuViewController.swift */,
			);
			name = BottomMenu;
			sourceTree = "<group>";
		};
/* End PBXGroup section */

/* Begin PBXNativeTarget section */
		ECBFE8881E2FFEE3003ABF04 /* Popcorn */ = {
			isa = PBXNativeTarget;
			buildConfigurationList = ECBFE8AE1E2FFEE4003ABF04 /* Build configuration list for PBXNativeTarget "Popcorn" */;
			buildPhases = (
				ECBFE8C41E302659003ABF04 /* SwiftGen */,
				ECBFE8851E2FFEE3003ABF04 /* Sources */,
				ECBFE8861E2FFEE3003ABF04 /* Frameworks */,
				ECBFE8871E2FFEE3003ABF04 /* Resources */,
			);
			buildRules = (
			);
			dependencies = (
			);
			name = Popcorn;
			productName = Popcorn;
			productReference = ECBFE8891E2FFEE3003ABF04 /* Popcorn.app */;
			productType = "com.apple.product-type.application";
		};
		ECBFE8991E2FFEE4003ABF04 /* PopcornTests */ = {
			isa = PBXNativeTarget;
			buildConfigurationList = ECBFE8B11E2FFEE4003ABF04 /* Build configuration list for PBXNativeTarget "PopcornTests" */;
			buildPhases = (
				ECBFE8961E2FFEE4003ABF04 /* Sources */,
				ECBFE8971E2FFEE4003ABF04 /* Frameworks */,
				ECBFE8981E2FFEE4003ABF04 /* Resources */,
			);
			buildRules = (
			);
			dependencies = (
				ECBFE89C1E2FFEE4003ABF04 /* PBXTargetDependency */,
			);
			name = PopcornTests;
			productName = PopcornTests;
			productReference = ECBFE89A1E2FFEE4003ABF04 /* PopcornTests.xctest */;
			productType = "com.apple.product-type.bundle.unit-test";
		};
		ECBFE8A41E2FFEE4003ABF04 /* PopcornUITests */ = {
			isa = PBXNativeTarget;
			buildConfigurationList = ECBFE8B41E2FFEE4003ABF04 /* Build configuration list for PBXNativeTarget "PopcornUITests" */;
			buildPhases = (
				ECBFE8A11E2FFEE4003ABF04 /* Sources */,
				ECBFE8A21E2FFEE4003ABF04 /* Frameworks */,
				ECBFE8A31E2FFEE4003ABF04 /* Resources */,
			);
			buildRules = (
			);
			dependencies = (
				ECBFE8A71E2FFEE4003ABF04 /* PBXTargetDependency */,
			);
			name = PopcornUITests;
			productName = PopcornUITests;
			productReference = ECBFE8A51E2FFEE4003ABF04 /* PopcornUITests.xctest */;
			productType = "com.apple.product-type.bundle.ui-testing";
		};
/* End PBXNativeTarget section */

/* Begin PBXProject section */
		ECBFE8811E2FFEE3003ABF04 /* Project object */ = {
			isa = PBXProject;
			attributes = {
				LastSwiftUpdateCheck = 0820;
				LastUpgradeCheck = 0820;
				ORGANIZATIONNAME = "Simon Back";
				TargetAttributes = {
					ECBFE8881E2FFEE3003ABF04 = {
						CreatedOnToolsVersion = 8.2.1;
						DevelopmentTeam = VNVVY8QV7H;
						ProvisioningStyle = Automatic;
					};
					ECBFE8991E2FFEE4003ABF04 = {
						CreatedOnToolsVersion = 8.2.1;
						DevelopmentTeam = VNVVY8QV7H;
						ProvisioningStyle = Automatic;
						TestTargetID = ECBFE8881E2FFEE3003ABF04;
					};
					ECBFE8A41E2FFEE4003ABF04 = {
						CreatedOnToolsVersion = 8.2.1;
						DevelopmentTeam = VNVVY8QV7H;
						ProvisioningStyle = Automatic;
						TestTargetID = ECBFE8881E2FFEE3003ABF04;
					};
				};
			};
			buildConfigurationList = ECBFE8841E2FFEE3003ABF04 /* Build configuration list for PBXProject "Popcorn" */;
			compatibilityVersion = "Xcode 3.2";
			developmentRegion = English;
			hasScannedForEncodings = 0;
			knownRegions = (
				en,
				Base,
			);
			mainGroup = ECBFE8801E2FFEE3003ABF04;
			productRefGroup = ECBFE88A1E2FFEE3003ABF04 /* Products */;
			projectDirPath = "";
			projectRoot = "";
			targets = (
				ECBFE8881E2FFEE3003ABF04 /* Popcorn */,
				ECBFE8991E2FFEE4003ABF04 /* PopcornTests */,
				ECBFE8A41E2FFEE4003ABF04 /* PopcornUITests */,
			);
		};
/* End PBXProject section */

/* Begin PBXResourcesBuildPhase section */
		ECBFE8871E2FFEE3003ABF04 /* Resources */ = {
			isa = PBXResourcesBuildPhase;
			buildActionMask = 2147483647;
			files = (
				ECBFE8C11E3023F0003ABF04 /* BottomMenu.storyboard in Resources */,
				ECBFE8BF1E3023E2003ABF04 /* TopMenu.storyboard in Resources */,
				ECBFE8941E2FFEE3003ABF04 /* Assets.xcassets in Resources */,
				ECBFE8C81E30269E003ABF04 /* Colors.txt in Resources */,
				ECBFE8921E2FFEE3003ABF04 /* Video.storyboard in Resources */,
			);
			runOnlyForDeploymentPostprocessing = 0;
		};
		ECBFE8981E2FFEE4003ABF04 /* Resources */ = {
			isa = PBXResourcesBuildPhase;
			buildActionMask = 2147483647;
			files = (
			);
			runOnlyForDeploymentPostprocessing = 0;
		};
		ECBFE8A31E2FFEE4003ABF04 /* Resources */ = {
			isa = PBXResourcesBuildPhase;
			buildActionMask = 2147483647;
			files = (
			);
			runOnlyForDeploymentPostprocessing = 0;
		};
/* End PBXResourcesBuildPhase section */

/* Begin PBXShellScriptBuildPhase section */
		ECBFE8C41E302659003ABF04 /* SwiftGen */ = {
			isa = PBXShellScriptBuildPhase;
			buildActionMask = 2147483647;
			files = (
			);
			inputPaths = (
			);
			name = SwiftGen;
			outputPaths = (
			);
			runOnlyForDeploymentPostprocessing = 0;
			shellPath = /bin/sh;
			shellScript = "if which swiftgen > /dev/null; then\nswiftgen storyboards \"$PROJECT_DIR/Popcorn\" --output \"$PROJECT_DIR/Popcorn/Constants/Storyboards.swift\" --template swift3\nswiftgen images \"$PROJECT_DIR/Popcorn\" --output \"$PROJECT_DIR/Popcorn/Constants/Images.swift\" --template swift3\nswiftgen colors \"$PROJECT_DIR/Colors.txt\" --output \"$PROJECT_DIR/Popcorn/Constants/Colors.swift\" --template swift3\nelse\necho \"warning: SwiftGen not installed, download it from https://github.com/AliSoftware/SwiftGen\"\nfi";
		};
/* End PBXShellScriptBuildPhase section */

/* Begin PBXSourcesBuildPhase section */
		ECBFE8851E2FFEE3003ABF04 /* Sources */ = {
			isa = PBXSourcesBuildPhase;
			buildActionMask = 2147483647;
			files = (
				ECBFE88F1E2FFEE3003ABF04 /* MenuViewController.swift in Sources */,
				ECBFE8DB1E319F16003ABF04 /* TopMenuCollectionViewCell.swift in Sources */,
				ECBFE8E31E31A264003ABF04 /* LiveStream.swift in Sources */,
				ECBFE8D01E3027A8003ABF04 /* Storyboards.swift in Sources */,
				ECBFE8D81E319189003ABF04 /* TopMenuViewController.swift in Sources */,
				ECBFE8D21E30282A003ABF04 /* BottomMenuViewController.swift in Sources */,
				ECBFE8DF1E31A0FC003ABF04 /* MediaStream.swift in Sources */,
				ECBFE8CF1E3027A8003ABF04 /* Colors.swift in Sources */,
				ECBFE8E11E31A252003ABF04 /* VideoStream.swift in Sources */,
				ECBFE8BB1E3000A6003ABF04 /* VideoViewController.swift in Sources */,
				ECBFE88D1E2FFEE3003ABF04 /* AppDelegate.swift in Sources */,
			);
			runOnlyForDeploymentPostprocessing = 0;
		};
		ECBFE8961E2FFEE4003ABF04 /* Sources */ = {
			isa = PBXSourcesBuildPhase;
			buildActionMask = 2147483647;
			files = (
				ECBFE89F1E2FFEE4003ABF04 /* PopcornTests.swift in Sources */,
			);
			runOnlyForDeploymentPostprocessing = 0;
		};
		ECBFE8A11E2FFEE4003ABF04 /* Sources */ = {
			isa = PBXSourcesBuildPhase;
			buildActionMask = 2147483647;
			files = (
				ECBFE8AA1E2FFEE4003ABF04 /* PopcornUITests.swift in Sources */,
			);
			runOnlyForDeploymentPostprocessing = 0;
		};
/* End PBXSourcesBuildPhase section */

/* Begin PBXTargetDependency section */
		ECBFE89C1E2FFEE4003ABF04 /* PBXTargetDependency */ = {
			isa = PBXTargetDependency;
			target = ECBFE8881E2FFEE3003ABF04 /* Popcorn */;
			targetProxy = ECBFE89B1E2FFEE4003ABF04 /* PBXContainerItemProxy */;
		};
		ECBFE8A71E2FFEE4003ABF04 /* PBXTargetDependency */ = {
			isa = PBXTargetDependency;
			target = ECBFE8881E2FFEE3003ABF04 /* Popcorn */;
			targetProxy = ECBFE8A61E2FFEE4003ABF04 /* PBXContainerItemProxy */;
		};
/* End PBXTargetDependency section */

/* Begin PBXVariantGroup section */
		ECBFE8901E2FFEE3003ABF04 /* Video.storyboard */ = {
			isa = PBXVariantGroup;
			children = (
				ECBFE8911E2FFEE3003ABF04 /* Base */,
			);
			name = Video.storyboard;
			sourceTree = "<group>";
		};
/* End PBXVariantGroup section */

/* Begin XCBuildConfiguration section */
		ECBFE8AC1E2FFEE4003ABF04 /* Debug */ = {
			isa = XCBuildConfiguration;
			buildSettings = {
				ALWAYS_SEARCH_USER_PATHS = NO;
				CLANG_ANALYZER_NONNULL = YES;
				CLANG_CXX_LANGUAGE_STANDARD = "gnu++0x";
				CLANG_CXX_LIBRARY = "libc++";
				CLANG_ENABLE_MODULES = YES;
				CLANG_ENABLE_OBJC_ARC = YES;
				CLANG_WARN_BOOL_CONVERSION = YES;
				CLANG_WARN_CONSTANT_CONVERSION = YES;
				CLANG_WARN_DIRECT_OBJC_ISA_USAGE = YES_ERROR;
				CLANG_WARN_DOCUMENTATION_COMMENTS = YES;
				CLANG_WARN_EMPTY_BODY = YES;
				CLANG_WARN_ENUM_CONVERSION = YES;
				CLANG_WARN_INFINITE_RECURSION = YES;
				CLANG_WARN_INT_CONVERSION = YES;
				CLANG_WARN_OBJC_ROOT_CLASS = YES_ERROR;
				CLANG_WARN_SUSPICIOUS_MOVE = YES;
				CLANG_WARN_UNREACHABLE_CODE = YES;
				CLANG_WARN__DUPLICATE_METHOD_MATCH = YES;
				COPY_PHASE_STRIP = NO;
				DEBUG_INFORMATION_FORMAT = dwarf;
				ENABLE_STRICT_OBJC_MSGSEND = YES;
				ENABLE_TESTABILITY = YES;
				GCC_C_LANGUAGE_STANDARD = gnu99;
				GCC_DYNAMIC_NO_PIC = NO;
				GCC_NO_COMMON_BLOCKS = YES;
				GCC_OPTIMIZATION_LEVEL = 0;
				GCC_PREPROCESSOR_DEFINITIONS = (
					"DEBUG=1",
					"$(inherited)",
				);
				GCC_WARN_64_TO_32_BIT_CONVERSION = YES;
				GCC_WARN_ABOUT_RETURN_TYPE = YES_ERROR;
				GCC_WARN_UNDECLARED_SELECTOR = YES;
				GCC_WARN_UNINITIALIZED_AUTOS = YES_AGGRESSIVE;
				GCC_WARN_UNUSED_FUNCTION = YES;
				GCC_WARN_UNUSED_VARIABLE = YES;
				MTL_ENABLE_DEBUG_INFO = YES;
				ONLY_ACTIVE_ARCH = YES;
				SDKROOT = appletvos;
				SWIFT_ACTIVE_COMPILATION_CONDITIONS = DEBUG;
				SWIFT_OPTIMIZATION_LEVEL = "-Onone";
				TARGETED_DEVICE_FAMILY = 3;
				TVOS_DEPLOYMENT_TARGET = 10.1;
			};
			name = Debug;
		};
		ECBFE8AD1E2FFEE4003ABF04 /* Release */ = {
			isa = XCBuildConfiguration;
			buildSettings = {
				ALWAYS_SEARCH_USER_PATHS = NO;
				CLANG_ANALYZER_NONNULL = YES;
				CLANG_CXX_LANGUAGE_STANDARD = "gnu++0x";
				CLANG_CXX_LIBRARY = "libc++";
				CLANG_ENABLE_MODULES = YES;
				CLANG_ENABLE_OBJC_ARC = YES;
				CLANG_WARN_BOOL_CONVERSION = YES;
				CLANG_WARN_CONSTANT_CONVERSION = YES;
				CLANG_WARN_DIRECT_OBJC_ISA_USAGE = YES_ERROR;
				CLANG_WARN_DOCUMENTATION_COMMENTS = YES;
				CLANG_WARN_EMPTY_BODY = YES;
				CLANG_WARN_ENUM_CONVERSION = YES;
				CLANG_WARN_INFINITE_RECURSION = YES;
				CLANG_WARN_INT_CONVERSION = YES;
				CLANG_WARN_OBJC_ROOT_CLASS = YES_ERROR;
				CLANG_WARN_SUSPICIOUS_MOVE = YES;
				CLANG_WARN_UNREACHABLE_CODE = YES;
				CLANG_WARN__DUPLICATE_METHOD_MATCH = YES;
				COPY_PHASE_STRIP = NO;
				DEBUG_INFORMATION_FORMAT = "dwarf-with-dsym";
				ENABLE_NS_ASSERTIONS = NO;
				ENABLE_STRICT_OBJC_MSGSEND = YES;
				GCC_C_LANGUAGE_STANDARD = gnu99;
				GCC_NO_COMMON_BLOCKS = YES;
				GCC_WARN_64_TO_32_BIT_CONVERSION = YES;
				GCC_WARN_ABOUT_RETURN_TYPE = YES_ERROR;
				GCC_WARN_UNDECLARED_SELECTOR = YES;
				GCC_WARN_UNINITIALIZED_AUTOS = YES_AGGRESSIVE;
				GCC_WARN_UNUSED_FUNCTION = YES;
				GCC_WARN_UNUSED_VARIABLE = YES;
				MTL_ENABLE_DEBUG_INFO = NO;
				SDKROOT = appletvos;
				SWIFT_OPTIMIZATION_LEVEL = "-Owholemodule";
				TARGETED_DEVICE_FAMILY = 3;
				TVOS_DEPLOYMENT_TARGET = 10.1;
				VALIDATE_PRODUCT = YES;
			};
			name = Release;
		};
		ECBFE8AF1E2FFEE4003ABF04 /* Debug */ = {
			isa = XCBuildConfiguration;
			buildSettings = {
				ASSETCATALOG_COMPILER_APPICON_NAME = "App Icon & Top Shelf Image";
				ASSETCATALOG_COMPILER_LAUNCHIMAGE_NAME = LaunchImage;
				DEVELOPMENT_TEAM = VNVVY8QV7H;
				INFOPLIST_FILE = Popcorn/Info.plist;
				LD_RUNPATH_SEARCH_PATHS = "$(inherited) @executable_path/Frameworks";
				PRODUCT_BUNDLE_IDENTIFIER = "com.simon-back.Popcorn";
				PRODUCT_NAME = "$(TARGET_NAME)";
				SWIFT_VERSION = 3.0;
			};
			name = Debug;
		};
		ECBFE8B01E2FFEE4003ABF04 /* Release */ = {
			isa = XCBuildConfiguration;
			buildSettings = {
				ASSETCATALOG_COMPILER_APPICON_NAME = "App Icon & Top Shelf Image";
				ASSETCATALOG_COMPILER_LAUNCHIMAGE_NAME = LaunchImage;
				DEVELOPMENT_TEAM = VNVVY8QV7H;
				INFOPLIST_FILE = Popcorn/Info.plist;
				LD_RUNPATH_SEARCH_PATHS = "$(inherited) @executable_path/Frameworks";
				PRODUCT_BUNDLE_IDENTIFIER = "com.simon-back.Popcorn";
				PRODUCT_NAME = "$(TARGET_NAME)";
				SWIFT_VERSION = 3.0;
			};
			name = Release;
		};
		ECBFE8B21E2FFEE4003ABF04 /* Debug */ = {
			isa = XCBuildConfiguration;
			buildSettings = {
				ALWAYS_EMBED_SWIFT_STANDARD_LIBRARIES = YES;
				BUNDLE_LOADER = "$(TEST_HOST)";
				DEVELOPMENT_TEAM = VNVVY8QV7H;
				INFOPLIST_FILE = PopcornTests/Info.plist;
				LD_RUNPATH_SEARCH_PATHS = "$(inherited) @executable_path/Frameworks @loader_path/Frameworks";
				PRODUCT_BUNDLE_IDENTIFIER = "com.simon-back.PopcornTests";
				PRODUCT_NAME = "$(TARGET_NAME)";
				SWIFT_VERSION = 3.0;
				TEST_HOST = "$(BUILT_PRODUCTS_DIR)/Popcorn.app/Popcorn";
			};
			name = Debug;
		};
		ECBFE8B31E2FFEE4003ABF04 /* Release */ = {
			isa = XCBuildConfiguration;
			buildSettings = {
				ALWAYS_EMBED_SWIFT_STANDARD_LIBRARIES = YES;
				BUNDLE_LOADER = "$(TEST_HOST)";
				DEVELOPMENT_TEAM = VNVVY8QV7H;
				INFOPLIST_FILE = PopcornTests/Info.plist;
				LD_RUNPATH_SEARCH_PATHS = "$(inherited) @executable_path/Frameworks @loader_path/Frameworks";
				PRODUCT_BUNDLE_IDENTIFIER = "com.simon-back.PopcornTests";
				PRODUCT_NAME = "$(TARGET_NAME)";
				SWIFT_VERSION = 3.0;
				TEST_HOST = "$(BUILT_PRODUCTS_DIR)/Popcorn.app/Popcorn";
			};
			name = Release;
		};
		ECBFE8B51E2FFEE4003ABF04 /* Debug */ = {
			isa = XCBuildConfiguration;
			buildSettings = {
				ALWAYS_EMBED_SWIFT_STANDARD_LIBRARIES = YES;
				DEVELOPMENT_TEAM = VNVVY8QV7H;
				INFOPLIST_FILE = PopcornUITests/Info.plist;
				LD_RUNPATH_SEARCH_PATHS = "$(inherited) @executable_path/Frameworks @loader_path/Frameworks";
				PRODUCT_BUNDLE_IDENTIFIER = "com.simon-back.PopcornUITests";
				PRODUCT_NAME = "$(TARGET_NAME)";
				SWIFT_VERSION = 3.0;
				TEST_TARGET_NAME = Popcorn;
			};
			name = Debug;
		};
		ECBFE8B61E2FFEE4003ABF04 /* Release */ = {
			isa = XCBuildConfiguration;
			buildSettings = {
				ALWAYS_EMBED_SWIFT_STANDARD_LIBRARIES = YES;
				DEVELOPMENT_TEAM = VNVVY8QV7H;
				INFOPLIST_FILE = PopcornUITests/Info.plist;
				LD_RUNPATH_SEARCH_PATHS = "$(inherited) @executable_path/Frameworks @loader_path/Frameworks";
				PRODUCT_BUNDLE_IDENTIFIER = "com.simon-back.PopcornUITests";
				PRODUCT_NAME = "$(TARGET_NAME)";
				SWIFT_VERSION = 3.0;
				TEST_TARGET_NAME = Popcorn;
			};
			name = Release;
		};
/* End XCBuildConfiguration section */

/* Begin XCConfigurationList section */
		ECBFE8841E2FFEE3003ABF04 /* Build configuration list for PBXProject "Popcorn" */ = {
			isa = XCConfigurationList;
			buildConfigurations = (
				ECBFE8AC1E2FFEE4003ABF04 /* Debug */,
				ECBFE8AD1E2FFEE4003ABF04 /* Release */,
			);
			defaultConfigurationIsVisible = 0;
			defaultConfigurationName = Release;
		};
		ECBFE8AE1E2FFEE4003ABF04 /* Build configuration list for PBXNativeTarget "Popcorn" */ = {
			isa = XCConfigurationList;
			buildConfigurations = (
				ECBFE8AF1E2FFEE4003ABF04 /* Debug */,
				ECBFE8B01E2FFEE4003ABF04 /* Release */,
			);
			defaultConfigurationIsVisible = 0;
			defaultConfigurationName = Release;
		};
		ECBFE8B11E2FFEE4003ABF04 /* Build configuration list for PBXNativeTarget "PopcornTests" */ = {
			isa = XCConfigurationList;
			buildConfigurations = (
				ECBFE8B21E2FFEE4003ABF04 /* Debug */,
				ECBFE8B31E2FFEE4003ABF04 /* Release */,
			);
			defaultConfigurationIsVisible = 0;
			defaultConfigurationName = Release;
		};
		ECBFE8B41E2FFEE4003ABF04 /* Build configuration list for PBXNativeTarget "PopcornUITests" */ = {
			isa = XCConfigurationList;
			buildConfigurations = (
				ECBFE8B51E2FFEE4003ABF04 /* Debug */,
				ECBFE8B61E2FFEE4003ABF04 /* Release */,
			);
			defaultConfigurationIsVisible = 0;
			defaultConfigurationName = Release;
		};
/* End XCConfigurationList section */
	};
	rootObject = ECBFE8811E2FFEE3003ABF04 /* Project object */;
}
