// !$*UTF8*$!
{
	archiveVersion = 1;
	classes = {
	};
	objectVersion = 46;
	objects = {

/* Begin PBXBuildFile section */
		754ECE749BD596FB299CA8F0 /* Pods_Popcorn.framework in Frameworks */ = {isa = PBXBuildFile; fileRef = 5FFDD92BC16E4025FEC741E4 /* Pods_Popcorn.framework */; };
		7B6AFE9F381C6842E028D876 /* Pods_PopcornUITests.framework in Frameworks */ = {isa = PBXBuildFile; fileRef = E7799A89832133617C77F725 /* Pods_PopcornUITests.framework */; };
		B011DD123FB8D3A03D33FE8A /* Pods_PopcornTests.framework in Frameworks */ = {isa = PBXBuildFile; fileRef = 01ED3A8084DDEBA2F4DCDC23 /* Pods_PopcornTests.framework */; };
		EC2103CB1E33A15F008DAA90 /* Platforms.storyboard in Resources */ = {isa = PBXBuildFile; fileRef = EC2103CA1E33A15F008DAA90 /* Platforms.storyboard */; };
		EC2103CF1E33A67A008DAA90 /* Service.swift in Sources */ = {isa = PBXBuildFile; fileRef = EC2103CE1E33A67A008DAA90 /* Service.swift */; };
		EC2103D11E33A688008DAA90 /* TVService.swift in Sources */ = {isa = PBXBuildFile; fileRef = EC2103D01E33A688008DAA90 /* TVService.swift */; };
		EC2103D31E33A693008DAA90 /* VideoService.swift in Sources */ = {isa = PBXBuildFile; fileRef = EC2103D21E33A693008DAA90 /* VideoService.swift */; };
		EC2103D61E33A8A9008DAA90 /* PlatformsViewController.swift in Sources */ = {isa = PBXBuildFile; fileRef = EC2103D51E33A8A9008DAA90 /* PlatformsViewController.swift */; };
		EC2103D81E33A8F3008DAA90 /* PlatformsTableViewCell.swift in Sources */ = {isa = PBXBuildFile; fileRef = EC2103D71E33A8F3008DAA90 /* PlatformsTableViewCell.swift */; };
		EC2103DA1E33B9D4008DAA90 /* ServicesArray.swift in Sources */ = {isa = PBXBuildFile; fileRef = EC2103D91E33B9D4008DAA90 /* ServicesArray.swift */; };
		EC2F1EAC1E36938A00AD9C54 /* Episode.swift in Sources */ = {isa = PBXBuildFile; fileRef = EC2F1EAB1E36938A00AD9C54 /* Episode.swift */; };
		EC2F1EB01E3695B300AD9C54 /* Season.swift in Sources */ = {isa = PBXBuildFile; fileRef = EC2F1EAF1E3695B300AD9C54 /* Season.swift */; };
		EC2F1EB21E36960B00AD9C54 /* SeriesStream.swift in Sources */ = {isa = PBXBuildFile; fileRef = EC2F1EB11E36960B00AD9C54 /* SeriesStream.swift */; };
		EC2F1EB41E36B87D00AD9C54 /* LiveSeriesStream.swift in Sources */ = {isa = PBXBuildFile; fileRef = EC2F1EB31E36B87D00AD9C54 /* LiveSeriesStream.swift */; };
		EC2F1EB61E36B90200AD9C54 /* MediaStreamsArray.swift in Sources */ = {isa = PBXBuildFile; fileRef = EC2F1EB51E36B90200AD9C54 /* MediaStreamsArray.swift */; };
		EC2F1EB81E36CFAD00AD9C54 /* TVStationSeriesStream.swift in Sources */ = {isa = PBXBuildFile; fileRef = EC2F1EB71E36CFAD00AD9C54 /* TVStationSeriesStream.swift */; };
		EC74153D1E35554800CF7925 /* Masks.swift in Sources */ = {isa = PBXBuildFile; fileRef = EC74153C1E35554800CF7925 /* Masks.swift */; };
		EC74153F1E356B9000CF7925 /* Preview.storyboard in Resources */ = {isa = PBXBuildFile; fileRef = EC74153E1E356B9000CF7925 /* Preview.storyboard */; };
		EC7415431E3578B000CF7925 /* PreviewViewController.swift in Sources */ = {isa = PBXBuildFile; fileRef = EC7415421E3578B000CF7925 /* PreviewViewController.swift */; };
		EC7415451E3578F100CF7925 /* PreviewTableViewCell.swift in Sources */ = {isa = PBXBuildFile; fileRef = EC7415441E3578F100CF7925 /* PreviewTableViewCell.swift */; };
		EC7415471E36628300CF7925 /* Introduction.storyboard in Resources */ = {isa = PBXBuildFile; fileRef = EC7415461E36628300CF7925 /* Introduction.storyboard */; };
		EC74154A1E36728D00CF7925 /* IntroductionViewController.swift in Sources */ = {isa = PBXBuildFile; fileRef = EC7415491E36728D00CF7925 /* IntroductionViewController.swift */; };
		EC7970E61E37C4A900D633EB /* ActiveVideos.swift in Sources */ = {isa = PBXBuildFile; fileRef = EC7970E51E37C4A900D633EB /* ActiveVideos.swift */; };
		EC7970E81E37CC3A00D633EB /* ActiveStations.swift in Sources */ = {isa = PBXBuildFile; fileRef = EC7970E71E37CC3A00D633EB /* ActiveStations.swift */; };
		EC7970EB1E37F4DC00D633EB /* TVStationMovieStream.swift in Sources */ = {isa = PBXBuildFile; fileRef = EC7970EA1E37F4DC00D633EB /* TVStationMovieStream.swift */; };
		ECBFE88D1E2FFEE3003ABF04 /* AppDelegate.swift in Sources */ = {isa = PBXBuildFile; fileRef = ECBFE88C1E2FFEE3003ABF04 /* AppDelegate.swift */; };
		ECBFE88F1E2FFEE3003ABF04 /* MenuViewController.swift in Sources */ = {isa = PBXBuildFile; fileRef = ECBFE88E1E2FFEE3003ABF04 /* MenuViewController.swift */; };
		ECBFE8921E2FFEE3003ABF04 /* Video.storyboard in Resources */ = {isa = PBXBuildFile; fileRef = ECBFE8901E2FFEE3003ABF04 /* Video.storyboard */; };
		ECBFE8941E2FFEE3003ABF04 /* Assets.xcassets in Resources */ = {isa = PBXBuildFile; fileRef = ECBFE8931E2FFEE3003ABF04 /* Assets.xcassets */; };
		ECBFE89F1E2FFEE4003ABF04 /* PopcornTests.swift in Sources */ = {isa = PBXBuildFile; fileRef = ECBFE89E1E2FFEE4003ABF04 /* PopcornTests.swift */; };
		ECBFE8AA1E2FFEE4003ABF04 /* PopcornUITests.swift in Sources */ = {isa = PBXBuildFile; fileRef = ECBFE8A91E2FFEE4003ABF04 /* PopcornUITests.swift */; };
		ECBFE8BB1E3000A6003ABF04 /* VideoViewController.swift in Sources */ = {isa = PBXBuildFile; fileRef = ECBFE8BA1E3000A6003ABF04 /* VideoViewController.swift */; };
		ECBFE8BF1E3023E2003ABF04 /* TopMenu.storyboard in Resources */ = {isa = PBXBuildFile; fileRef = ECBFE8BE1E3023E2003ABF04 /* TopMenu.storyboard */; };
		ECBFE8C11E3023F0003ABF04 /* BottomMenu.storyboard in Resources */ = {isa = PBXBuildFile; fileRef = ECBFE8C01E3023F0003ABF04 /* BottomMenu.storyboard */; };
		ECBFE8C81E30269E003ABF04 /* Colors.txt in Resources */ = {isa = PBXBuildFile; fileRef = ECBFE8C71E30269E003ABF04 /* Colors.txt */; };
		ECBFE8CF1E3027A8003ABF04 /* Colors.swift in Sources */ = {isa = PBXBuildFile; fileRef = ECBFE8CD1E3027A8003ABF04 /* Colors.swift */; };
		ECBFE8D01E3027A8003ABF04 /* Storyboards.swift in Sources */ = {isa = PBXBuildFile; fileRef = ECBFE8CE1E3027A8003ABF04 /* Storyboards.swift */; };
		ECBFE8D21E30282A003ABF04 /* BottomMenuViewController.swift in Sources */ = {isa = PBXBuildFile; fileRef = ECBFE8D11E30282A003ABF04 /* BottomMenuViewController.swift */; };
		ECBFE8D81E319189003ABF04 /* TopMenuViewController.swift in Sources */ = {isa = PBXBuildFile; fileRef = ECBFE8D71E319189003ABF04 /* TopMenuViewController.swift */; };
		ECBFE8DB1E319F16003ABF04 /* TopMenuCollectionViewCell.swift in Sources */ = {isa = PBXBuildFile; fileRef = ECBFE8DA1E319F16003ABF04 /* TopMenuCollectionViewCell.swift */; };
		ECBFE8DF1E31A0FC003ABF04 /* MediaStream.swift in Sources */ = {isa = PBXBuildFile; fileRef = ECBFE8DE1E31A0FC003ABF04 /* MediaStream.swift */; };
		ECBFE8E11E31A252003ABF04 /* MovieStream.swift in Sources */ = {isa = PBXBuildFile; fileRef = ECBFE8E01E31A252003ABF04 /* MovieStream.swift */; };
		ECBFE8E31E31A264003ABF04 /* LiveMovieStream.swift in Sources */ = {isa = PBXBuildFile; fileRef = ECBFE8E21E31A264003ABF04 /* LiveMovieStream.swift */; };
/* End PBXBuildFile section */

/* Begin PBXContainerItemProxy section */
		ECBFE89B1E2FFEE4003ABF04 /* PBXContainerItemProxy */ = {
			isa = PBXContainerItemProxy;
			containerPortal = ECBFE8811E2FFEE3003ABF04 /* Project object */;
			proxyType = 1;
			remoteGlobalIDString = ECBFE8881E2FFEE3003ABF04;
			remoteInfo = Popcorn;
		};
		ECBFE8A61E2FFEE4003ABF04 /* PBXContainerItemProxy */ = {
			isa = PBXContainerItemProxy;
			containerPortal = ECBFE8811E2FFEE3003ABF04 /* Project object */;
			proxyType = 1;
			remoteGlobalIDString = ECBFE8881E2FFEE3003ABF04;
			remoteInfo = Popcorn;
		};
/* End PBXContainerItemProxy section */

/* Begin PBXFileReference section */
		01ED3A8084DDEBA2F4DCDC23 /* Pods_PopcornTests.framework */ = {isa = PBXFileReference; explicitFileType = wrapper.framework; includeInIndex = 0; path = Pods_PopcornTests.framework; sourceTree = BUILT_PRODUCTS_DIR; };
		5FFDD92BC16E4025FEC741E4 /* Pods_Popcorn.framework */ = {isa = PBXFileReference; explicitFileType = wrapper.framework; includeInIndex = 0; path = Pods_Popcorn.framework; sourceTree = BUILT_PRODUCTS_DIR; };
		6339C5F021A1441A259C1F82 /* Pods-Popcorn.release.xcconfig */ = {isa = PBXFileReference; includeInIndex = 1; lastKnownFileType = text.xcconfig; name = "Pods-Popcorn.release.xcconfig"; path = "Pods/Target Support Files/Pods-Popcorn/Pods-Popcorn.release.xcconfig"; sourceTree = "<group>"; };
		6CE9AB730E18D6C52EDF5AA6 /* Pods-PopcornUITests.release.xcconfig */ = {isa = PBXFileReference; includeInIndex = 1; lastKnownFileType = text.xcconfig; name = "Pods-PopcornUITests.release.xcconfig"; path = "Pods/Target Support Files/Pods-PopcornUITests/Pods-PopcornUITests.release.xcconfig"; sourceTree = "<group>"; };
		904C1503026865D5AF0EAAAA /* Pods-PopcornUITests.debug.xcconfig */ = {isa = PBXFileReference; includeInIndex = 1; lastKnownFileType = text.xcconfig; name = "Pods-PopcornUITests.debug.xcconfig"; path = "Pods/Target Support Files/Pods-PopcornUITests/Pods-PopcornUITests.debug.xcconfig"; sourceTree = "<group>"; };
		CA911B4F81930FF601485F0F /* Pods-PopcornTests.debug.xcconfig */ = {isa = PBXFileReference; includeInIndex = 1; lastKnownFileType = text.xcconfig; name = "Pods-PopcornTests.debug.xcconfig"; path = "Pods/Target Support Files/Pods-PopcornTests/Pods-PopcornTests.debug.xcconfig"; sourceTree = "<group>"; };
		CD3088C7C2C1ACD83C62B82B /* Pods-Popcorn.debug.xcconfig */ = {isa = PBXFileReference; includeInIndex = 1; lastKnownFileType = text.xcconfig; name = "Pods-Popcorn.debug.xcconfig"; path = "Pods/Target Support Files/Pods-Popcorn/Pods-Popcorn.debug.xcconfig"; sourceTree = "<group>"; };
		E7799A89832133617C77F725 /* Pods_PopcornUITests.framework */ = {isa = PBXFileReference; explicitFileType = wrapper.framework; includeInIndex = 0; path = Pods_PopcornUITests.framework; sourceTree = BUILT_PRODUCTS_DIR; };
		EC2103CA1E33A15F008DAA90 /* Platforms.storyboard */ = {isa = PBXFileReference; fileEncoding = 4; lastKnownFileType = file.storyboard; path = Platforms.storyboard; sourceTree = "<group>"; };
		EC2103CE1E33A67A008DAA90 /* Service.swift */ = {isa = PBXFileReference; fileEncoding = 4; lastKnownFileType = sourcecode.swift; path = Service.swift; sourceTree = "<group>"; };
		EC2103D01E33A688008DAA90 /* TVService.swift */ = {isa = PBXFileReference; fileEncoding = 4; lastKnownFileType = sourcecode.swift; path = TVService.swift; sourceTree = "<group>"; };
		EC2103D21E33A693008DAA90 /* VideoService.swift */ = {isa = PBXFileReference; fileEncoding = 4; lastKnownFileType = sourcecode.swift; path = VideoService.swift; sourceTree = "<group>"; };
		EC2103D51E33A8A9008DAA90 /* PlatformsViewController.swift */ = {isa = PBXFileReference; fileEncoding = 4; lastKnownFileType = sourcecode.swift; path = PlatformsViewController.swift; sourceTree = "<group>"; };
		EC2103D71E33A8F3008DAA90 /* PlatformsTableViewCell.swift */ = {isa = PBXFileReference; fileEncoding = 4; lastKnownFileType = sourcecode.swift; path = PlatformsTableViewCell.swift; sourceTree = "<group>"; };
		EC2103D91E33B9D4008DAA90 /* ServicesArray.swift */ = {isa = PBXFileReference; fileEncoding = 4; lastKnownFileType = sourcecode.swift; path = ServicesArray.swift; sourceTree = "<group>"; };
		EC2F1EAB1E36938A00AD9C54 /* Episode.swift */ = {isa = PBXFileReference; fileEncoding = 4; lastKnownFileType = sourcecode.swift; path = Episode.swift; sourceTree = "<group>"; };
		EC2F1EAF1E3695B300AD9C54 /* Season.swift */ = {isa = PBXFileReference; fileEncoding = 4; lastKnownFileType = sourcecode.swift; path = Season.swift; sourceTree = "<group>"; };
		EC2F1EB11E36960B00AD9C54 /* SeriesStream.swift */ = {isa = PBXFileReference; fileEncoding = 4; lastKnownFileType = sourcecode.swift; path = SeriesStream.swift; sourceTree = "<group>"; };
		EC2F1EB31E36B87D00AD9C54 /* LiveSeriesStream.swift */ = {isa = PBXFileReference; fileEncoding = 4; lastKnownFileType = sourcecode.swift; path = LiveSeriesStream.swift; sourceTree = "<group>"; };
		EC2F1EB51E36B90200AD9C54 /* MediaStreamsArray.swift */ = {isa = PBXFileReference; fileEncoding = 4; lastKnownFileType = sourcecode.swift; path = MediaStreamsArray.swift; sourceTree = "<group>"; };
		EC2F1EB71E36CFAD00AD9C54 /* TVStationSeriesStream.swift */ = {isa = PBXFileReference; fileEncoding = 4; lastKnownFileType = sourcecode.swift; path = TVStationSeriesStream.swift; sourceTree = "<group>"; };
		EC74153C1E35554800CF7925 /* Masks.swift */ = {isa = PBXFileReference; fileEncoding = 4; lastKnownFileType = sourcecode.swift; path = Masks.swift; sourceTree = "<group>"; };
		EC74153E1E356B9000CF7925 /* Preview.storyboard */ = {isa = PBXFileReference; fileEncoding = 4; lastKnownFileType = file.storyboard; path = Preview.storyboard; sourceTree = "<group>"; };
		EC7415421E3578B000CF7925 /* PreviewViewController.swift */ = {isa = PBXFileReference; fileEncoding = 4; lastKnownFileType = sourcecode.swift; path = PreviewViewController.swift; sourceTree = "<group>"; };
		EC7415441E3578F100CF7925 /* PreviewTableViewCell.swift */ = {isa = PBXFileReference; fileEncoding = 4; lastKnownFileType = sourcecode.swift; path = PreviewTableViewCell.swift; sourceTree = "<group>"; };
		EC7415461E36628300CF7925 /* Introduction.storyboard */ = {isa = PBXFileReference; fileEncoding = 4; lastKnownFileType = file.storyboard; path = Introduction.storyboard; sourceTree = "<group>"; };
		EC7415491E36728D00CF7925 /* IntroductionViewController.swift */ = {isa = PBXFileReference; fileEncoding = 4; lastKnownFileType = sourcecode.swift; path = IntroductionViewController.swift; sourceTree = "<group>"; };
		EC7970E51E37C4A900D633EB /* ActiveVideos.swift */ = {isa = PBXFileReference; fileEncoding = 4; lastKnownFileType = sourcecode.swift; path = ActiveVideos.swift; sourceTree = "<group>"; };
		EC7970E71E37CC3A00D633EB /* ActiveStations.swift */ = {isa = PBXFileReference; fileEncoding = 4; lastKnownFileType = sourcecode.swift; path = ActiveStations.swift; sourceTree = "<group>"; };
		EC7970EA1E37F4DC00D633EB /* TVStationMovieStream.swift */ = {isa = PBXFileReference; fileEncoding = 4; lastKnownFileType = sourcecode.swift; path = TVStationMovieStream.swift; sourceTree = "<group>"; };
		ECBFE8891E2FFEE3003ABF04 /* Popcorn.app */ = {isa = PBXFileReference; explicitFileType = wrapper.application; includeInIndex = 0; path = Popcorn.app; sourceTree = BUILT_PRODUCTS_DIR; };
		ECBFE88C1E2FFEE3003ABF04 /* AppDelegate.swift */ = {isa = PBXFileReference; lastKnownFileType = sourcecode.swift; path = AppDelegate.swift; sourceTree = "<group>"; };
		ECBFE88E1E2FFEE3003ABF04 /* MenuViewController.swift */ = {isa = PBXFileReference; lastKnownFileType = sourcecode.swift; path = MenuViewController.swift; sourceTree = "<group>"; };
		ECBFE8911E2FFEE3003ABF04 /* Base */ = {isa = PBXFileReference; lastKnownFileType = file.storyboard; name = Base; path = Base.lproj/Video.storyboard; sourceTree = "<group>"; };
		ECBFE8931E2FFEE3003ABF04 /* Assets.xcassets */ = {isa = PBXFileReference; lastKnownFileType = folder.assetcatalog; path = Assets.xcassets; sourceTree = "<group>"; };
		ECBFE8951E2FFEE3003ABF04 /* Info.plist */ = {isa = PBXFileReference; lastKnownFileType = text.plist.xml; path = Info.plist; sourceTree = "<group>"; };
		ECBFE89A1E2FFEE4003ABF04 /* PopcornTests.xctest */ = {isa = PBXFileReference; explicitFileType = wrapper.cfbundle; includeInIndex = 0; path = PopcornTests.xctest; sourceTree = BUILT_PRODUCTS_DIR; };
		ECBFE89E1E2FFEE4003ABF04 /* PopcornTests.swift */ = {isa = PBXFileReference; lastKnownFileType = sourcecode.swift; path = PopcornTests.swift; sourceTree = "<group>"; };
		ECBFE8A01E2FFEE4003ABF04 /* Info.plist */ = {isa = PBXFileReference; lastKnownFileType = text.plist.xml; path = Info.plist; sourceTree = "<group>"; };
		ECBFE8A51E2FFEE4003ABF04 /* PopcornUITests.xctest */ = {isa = PBXFileReference; explicitFileType = wrapper.cfbundle; includeInIndex = 0; path = PopcornUITests.xctest; sourceTree = BUILT_PRODUCTS_DIR; };
		ECBFE8A91E2FFEE4003ABF04 /* PopcornUITests.swift */ = {isa = PBXFileReference; lastKnownFileType = sourcecode.swift; path = PopcornUITests.swift; sourceTree = "<group>"; };
		ECBFE8AB1E2FFEE4003ABF04 /* Info.plist */ = {isa = PBXFileReference; lastKnownFileType = text.plist.xml; path = Info.plist; sourceTree = "<group>"; };
		ECBFE8BA1E3000A6003ABF04 /* VideoViewController.swift */ = {isa = PBXFileReference; fileEncoding = 4; lastKnownFileType = sourcecode.swift; path = VideoViewController.swift; sourceTree = "<group>"; };
		ECBFE8BE1E3023E2003ABF04 /* TopMenu.storyboard */ = {isa = PBXFileReference; fileEncoding = 4; lastKnownFileType = file.storyboard; path = TopMenu.storyboard; sourceTree = "<group>"; };
		ECBFE8C01E3023F0003ABF04 /* BottomMenu.storyboard */ = {isa = PBXFileReference; fileEncoding = 4; lastKnownFileType = file.storyboard; path = BottomMenu.storyboard; sourceTree = "<group>"; };
		ECBFE8C71E30269E003ABF04 /* Colors.txt */ = {isa = PBXFileReference; fileEncoding = 4; lastKnownFileType = text; path = Colors.txt; sourceTree = "<group>"; };
		ECBFE8CD1E3027A8003ABF04 /* Colors.swift */ = {isa = PBXFileReference; fileEncoding = 4; lastKnownFileType = sourcecode.swift; path = Colors.swift; sourceTree = "<group>"; };
		ECBFE8CE1E3027A8003ABF04 /* Storyboards.swift */ = {isa = PBXFileReference; fileEncoding = 4; lastKnownFileType = sourcecode.swift; path = Storyboards.swift; sourceTree = "<group>"; };
		ECBFE8D11E30282A003ABF04 /* BottomMenuViewController.swift */ = {isa = PBXFileReference; fileEncoding = 4; lastKnownFileType = sourcecode.swift; path = BottomMenuViewController.swift; sourceTree = "<group>"; };
		ECBFE8D71E319189003ABF04 /* TopMenuViewController.swift */ = {isa = PBXFileReference; fileEncoding = 4; lastKnownFileType = sourcecode.swift; path = TopMenuViewController.swift; sourceTree = "<group>"; };
		ECBFE8DA1E319F16003ABF04 /* TopMenuCollectionViewCell.swift */ = {isa = PBXFileReference; fileEncoding = 4; lastKnownFileType = sourcecode.swift; path = TopMenuCollectionViewCell.swift; sourceTree = "<group>"; };
		ECBFE8DE1E31A0FC003ABF04 /* MediaStream.swift */ = {isa = PBXFileReference; fileEncoding = 4; lastKnownFileType = sourcecode.swift; path = MediaStream.swift; sourceTree = "<group>"; };
		ECBFE8E01E31A252003ABF04 /* MovieStream.swift */ = {isa = PBXFileReference; fileEncoding = 4; lastKnownFileType = sourcecode.swift; path = MovieStream.swift; sourceTree = "<group>"; };
		ECBFE8E21E31A264003ABF04 /* LiveMovieStream.swift */ = {isa = PBXFileReference; fileEncoding = 4; lastKnownFileType = sourcecode.swift; path = LiveMovieStream.swift; sourceTree = "<group>"; };
		F36D1959A9E04B69E0E9532C /* Pods-PopcornTests.release.xcconfig */ = {isa = PBXFileReference; includeInIndex = 1; lastKnownFileType = text.xcconfig; name = "Pods-PopcornTests.release.xcconfig"; path = "Pods/Target Support Files/Pods-PopcornTests/Pods-PopcornTests.release.xcconfig"; sourceTree = "<group>"; };
/* End PBXFileReference section */

/* Begin PBXFrameworksBuildPhase section */
		ECBFE8861E2FFEE3003ABF04 /* Frameworks */ = {
			isa = PBXFrameworksBuildPhase;
			buildActionMask = 2147483647;
			files = (
				754ECE749BD596FB299CA8F0 /* Pods_Popcorn.framework in Frameworks */,
			);
			runOnlyForDeploymentPostprocessing = 0;
		};
		ECBFE8971E2FFEE4003ABF04 /* Frameworks */ = {
			isa = PBXFrameworksBuildPhase;
			buildActionMask = 2147483647;
			files = (
				B011DD123FB8D3A03D33FE8A /* Pods_PopcornTests.framework in Frameworks */,
			);
			runOnlyForDeploymentPostprocessing = 0;
		};
		ECBFE8A21E2FFEE4003ABF04 /* Frameworks */ = {
			isa = PBXFrameworksBuildPhase;
			buildActionMask = 2147483647;
			files = (
				7B6AFE9F381C6842E028D876 /* Pods_PopcornUITests.framework in Frameworks */,
			);
			runOnlyForDeploymentPostprocessing = 0;
		};
/* End PBXFrameworksBuildPhase section */

/* Begin PBXGroup section */
		1010EF97FEA5EFFF67CCC7C3 /* Pods */ = {
			isa = PBXGroup;
			children = (
				CD3088C7C2C1ACD83C62B82B /* Pods-Popcorn.debug.xcconfig */,
				6339C5F021A1441A259C1F82 /* Pods-Popcorn.release.xcconfig */,
				CA911B4F81930FF601485F0F /* Pods-PopcornTests.debug.xcconfig */,
				F36D1959A9E04B69E0E9532C /* Pods-PopcornTests.release.xcconfig */,
				904C1503026865D5AF0EAAAA /* Pods-PopcornUITests.debug.xcconfig */,
				6CE9AB730E18D6C52EDF5AA6 /* Pods-PopcornUITests.release.xcconfig */,
			);
			name = Pods;
			sourceTree = "<group>";
		};
		CE8C3683E32088486BA9A4AB /* Frameworks */ = {
			isa = PBXGroup;
			children = (
				5FFDD92BC16E4025FEC741E4 /* Pods_Popcorn.framework */,
				01ED3A8084DDEBA2F4DCDC23 /* Pods_PopcornTests.framework */,
				E7799A89832133617C77F725 /* Pods_PopcornUITests.framework */,
			);
			name = Frameworks;
			sourceTree = "<group>";
		};
		EC2103CC1E33A663008DAA90 /* Stream */ = {
			isa = PBXGroup;
			children = (
				ECBFE8DE1E31A0FC003ABF04 /* MediaStream.swift */,
				ECBFE8E01E31A252003ABF04 /* MovieStream.swift */,
				EC2F1EB11E36960B00AD9C54 /* SeriesStream.swift */,
				EC2F1EAF1E3695B300AD9C54 /* Season.swift */,
				EC2F1EAB1E36938A00AD9C54 /* Episode.swift */,
				EC2F1EB71E36CFAD00AD9C54 /* TVStationSeriesStream.swift */,
				EC7970EA1E37F4DC00D633EB /* TVStationMovieStream.swift */,
				EC2F1EB51E36B90200AD9C54 /* MediaStreamsArray.swift */,
				EC2F1EB91E36D18800AD9C54 /* not used */,
			);
			name = Stream;
			sourceTree = "<group>";
		};
		EC2103CD1E33A670008DAA90 /* Service */ = {
			isa = PBXGroup;
			children = (
				EC2103CE1E33A67A008DAA90 /* Service.swift */,
				EC2103D01E33A688008DAA90 /* TVService.swift */,
				EC2103D21E33A693008DAA90 /* VideoService.swift */,
				EC2103D91E33B9D4008DAA90 /* ServicesArray.swift */,
			);
			name = Service;
			sourceTree = "<group>";
		};
		EC2103D41E33A884008DAA90 /* Platforms */ = {
			isa = PBXGroup;
			children = (
				EC2103D51E33A8A9008DAA90 /* PlatformsViewController.swift */,
				EC2103D71E33A8F3008DAA90 /* PlatformsTableViewCell.swift */,
			);
			name = Platforms;
			sourceTree = "<group>";
		};
		EC2F1EB91E36D18800AD9C54 /* not used */ = {
			isa = PBXGroup;
			children = (
				ECBFE8E21E31A264003ABF04 /* LiveMovieStream.swift */,
				EC2F1EB31E36B87D00AD9C54 /* LiveSeriesStream.swift */,
			);
			name = "not used";
			sourceTree = "<group>";
		};
		EC74153B1E35553000CF7925 /* Masks */ = {
			isa = PBXGroup;
			children = (
				EC74153C1E35554800CF7925 /* Masks.swift */,
			);
			name = Masks;
			sourceTree = "<group>";
		};
		EC7415401E35784900CF7925 /* Video */ = {
			isa = PBXGroup;
			children = (
				ECBFE8BA1E3000A6003ABF04 /* VideoViewController.swift */,
			);
			name = Video;
			sourceTree = "<group>";
		};
		EC7415411E35786400CF7925 /* Preview */ = {
			isa = PBXGroup;
			children = (
				EC7415421E3578B000CF7925 /* PreviewViewController.swift */,
				EC7415441E3578F100CF7925 /* PreviewTableViewCell.swift */,
			);
			name = Preview;
			sourceTree = "<group>";
		};
		EC7415481E36727B00CF7925 /* Introduction */ = {
			isa = PBXGroup;
			children = (
				EC7415491E36728D00CF7925 /* IntroductionViewController.swift */,
			);
			name = Introduction;
			sourceTree = "<group>";
		};
		EC7970E91E37CC9400D633EB /* Helper */ = {
			isa = PBXGroup;
			children = (
				EC7970E51E37C4A900D633EB /* ActiveVideos.swift */,
				EC7970E71E37CC3A00D633EB /* ActiveStations.swift */,
			);
			name = Helper;
			sourceTree = "<group>";
		};
		ECBFE8801E2FFEE3003ABF04 = {
			isa = PBXGroup;
			children = (
				ECBFE8C71E30269E003ABF04 /* Colors.txt */,
				ECBFE88B1E2FFEE3003ABF04 /* Popcorn */,
				ECBFE89D1E2FFEE4003ABF04 /* PopcornTests */,
				ECBFE8A81E2FFEE4003ABF04 /* PopcornUITests */,
				ECBFE88A1E2FFEE3003ABF04 /* Products */,
				1010EF97FEA5EFFF67CCC7C3 /* Pods */,
				CE8C3683E32088486BA9A4AB /* Frameworks */,
			);
			sourceTree = "<group>";
		};
		ECBFE88A1E2FFEE3003ABF04 /* Products */ = {
			isa = PBXGroup;
			children = (
				ECBFE8891E2FFEE3003ABF04 /* Popcorn.app */,
				ECBFE89A1E2FFEE4003ABF04 /* PopcornTests.xctest */,
				ECBFE8A51E2FFEE4003ABF04 /* PopcornUITests.xctest */,
			);
			name = Products;
			sourceTree = "<group>";
		};
		ECBFE88B1E2FFEE3003ABF04 /* Popcorn */ = {
			isa = PBXGroup;
			children = (
				ECBFE8BD1E3010D2003ABF04 /* Code */,
				ECBFE8BC1E30109F003ABF04 /*  Storyboards */,
				ECBFE8B71E2FFF9B003ABF04 /* Assets */,
				ECBFE8951E2FFEE3003ABF04 /* Info.plist */,
				ECBFE8CC1E30278E003ABF04 /* Constants */,
			);
			path = Popcorn;
			sourceTree = "<group>";
		};
		ECBFE89D1E2FFEE4003ABF04 /* PopcornTests */ = {
			isa = PBXGroup;
			children = (
				ECBFE89E1E2FFEE4003ABF04 /* PopcornTests.swift */,
				ECBFE8A01E2FFEE4003ABF04 /* Info.plist */,
			);
			path = PopcornTests;
			sourceTree = "<group>";
		};
		ECBFE8A81E2FFEE4003ABF04 /* PopcornUITests */ = {
			isa = PBXGroup;
			children = (
				ECBFE8A91E2FFEE4003ABF04 /* PopcornUITests.swift */,
				ECBFE8AB1E2FFEE4003ABF04 /* Info.plist */,
			);
			path = PopcornUITests;
			sourceTree = "<group>";
		};
		ECBFE8B71E2FFF9B003ABF04 /* Assets */ = {
			isa = PBXGroup;
			children = (
				ECBFE8931E2FFEE3003ABF04 /* Assets.xcassets */,
			);
			name = Assets;
			sourceTree = "<group>";
		};
		ECBFE8BC1E30109F003ABF04 /*  Storyboards */ = {
			isa = PBXGroup;
			children = (
				ECBFE8BE1E3023E2003ABF04 /* TopMenu.storyboard */,
				ECBFE8901E2FFEE3003ABF04 /* Video.storyboard */,
				ECBFE8C01E3023F0003ABF04 /* BottomMenu.storyboard */,
				EC2103CA1E33A15F008DAA90 /* Platforms.storyboard */,
				EC74153E1E356B9000CF7925 /* Preview.storyboard */,
				EC7415461E36628300CF7925 /* Introduction.storyboard */,
			);
			name = " Storyboards";
			sourceTree = "<group>";
		};
		ECBFE8BD1E3010D2003ABF04 /* Code */ = {
			isa = PBXGroup;
			children = (
				ECBFE88C1E2FFEE3003ABF04 /* AppDelegate.swift */,
				ECBFE88E1E2FFEE3003ABF04 /* MenuViewController.swift */,
				ECBFE8DC1E319F1D003ABF04 /* TopMenu */,
				EC7415401E35784900CF7925 /* Video */,
				ECBFE8DD1E319F28003ABF04 /* BottomMenu */,
				EC2103D41E33A884008DAA90 /* Platforms */,
				EC7415411E35786400CF7925 /* Preview */,
				EC7415481E36727B00CF7925 /* Introduction */,
				ECBFE8D91E31977E003ABF04 /* Models */,
				EC74153B1E35553000CF7925 /* Masks */,
				EC7970E91E37CC9400D633EB /* Helper */,
			);
			name = Code;
			sourceTree = "<group>";
		};
		ECBFE8CC1E30278E003ABF04 /* Constants */ = {
			isa = PBXGroup;
			children = (
				ECBFE8CD1E3027A8003ABF04 /* Colors.swift */,
				ECBFE8CE1E3027A8003ABF04 /* Storyboards.swift */,
			);
			path = Constants;
			sourceTree = "<group>";
		};
		ECBFE8D91E31977E003ABF04 /* Models */ = {
			isa = PBXGroup;
			children = (
				EC2103CD1E33A670008DAA90 /* Service */,
				EC2103CC1E33A663008DAA90 /* Stream */,
			);
			name = Models;
			sourceTree = "<group>";
		};
		ECBFE8DC1E319F1D003ABF04 /* TopMenu */ = {
			isa = PBXGroup;
			children = (
				ECBFE8D71E319189003ABF04 /* TopMenuViewController.swift */,
				ECBFE8DA1E319F16003ABF04 /* TopMenuCollectionViewCell.swift */,
			);
			name = TopMenu;
			sourceTree = "<group>";
		};
		ECBFE8DD1E319F28003ABF04 /* BottomMenu */ = {
			isa = PBXGroup;
			children = (
				ECBFE8D11E30282A003ABF04 /* BottomMenuViewController.swift */,
			);
			name = BottomMenu;
			sourceTree = "<group>";
		};
/* End PBXGroup section */

/* Begin PBXNativeTarget section */
		ECBFE8881E2FFEE3003ABF04 /* Popcorn */ = {
			isa = PBXNativeTarget;
			buildConfigurationList = ECBFE8AE1E2FFEE4003ABF04 /* Build configuration list for PBXNativeTarget "Popcorn" */;
			buildPhases = (
				5848AF5793B547E7B914954A /* [CP] Check Pods Manifest.lock */,
				ECBFE8C41E302659003ABF04 /* SwiftGen */,
				ECBFE8851E2FFEE3003ABF04 /* Sources */,
				ECBFE8861E2FFEE3003ABF04 /* Frameworks */,
				ECBFE8871E2FFEE3003ABF04 /* Resources */,
				C0FB8F1E643CE8359D987604 /* [CP] Embed Pods Frameworks */,
				82EBBFCC88C87D7D930EFEAA /* [CP] Copy Pods Resources */,
			);
			buildRules = (
			);
			dependencies = (
			);
			name = Popcorn;
			productName = Popcorn;
			productReference = ECBFE8891E2FFEE3003ABF04 /* Popcorn.app */;
			productType = "com.apple.product-type.application";
		};
		ECBFE8991E2FFEE4003ABF04 /* PopcornTests */ = {
			isa = PBXNativeTarget;
			buildConfigurationList = ECBFE8B11E2FFEE4003ABF04 /* Build configuration list for PBXNativeTarget "PopcornTests" */;
			buildPhases = (
				D3362A8781D7136739C82574 /* [CP] Check Pods Manifest.lock */,
				ECBFE8961E2FFEE4003ABF04 /* Sources */,
				ECBFE8971E2FFEE4003ABF04 /* Frameworks */,
				ECBFE8981E2FFEE4003ABF04 /* Resources */,
				38802AB985A81FFDD69FA4E5 /* [CP] Embed Pods Frameworks */,
				6B064789F56C7232FE622661 /* [CP] Copy Pods Resources */,
			);
			buildRules = (
			);
			dependencies = (
				ECBFE89C1E2FFEE4003ABF04 /* PBXTargetDependency */,
			);
			name = PopcornTests;
			productName = PopcornTests;
			productReference = ECBFE89A1E2FFEE4003ABF04 /* PopcornTests.xctest */;
			productType = "com.apple.product-type.bundle.unit-test";
		};
		ECBFE8A41E2FFEE4003ABF04 /* PopcornUITests */ = {
			isa = PBXNativeTarget;
			buildConfigurationList = ECBFE8B41E2FFEE4003ABF04 /* Build configuration list for PBXNativeTarget "PopcornUITests" */;
			buildPhases = (
				3FEDEBBAEDCAC8379AD0F51C /* [CP] Check Pods Manifest.lock */,
				ECBFE8A11E2FFEE4003ABF04 /* Sources */,
				ECBFE8A21E2FFEE4003ABF04 /* Frameworks */,
				ECBFE8A31E2FFEE4003ABF04 /* Resources */,
				6FB402B146EA6F0BD4145650 /* [CP] Embed Pods Frameworks */,
				822C2C931E8E1E7DC2944A82 /* [CP] Copy Pods Resources */,
			);
			buildRules = (
			);
			dependencies = (
				ECBFE8A71E2FFEE4003ABF04 /* PBXTargetDependency */,
			);
			name = PopcornUITests;
			productName = PopcornUITests;
			productReference = ECBFE8A51E2FFEE4003ABF04 /* PopcornUITests.xctest */;
			productType = "com.apple.product-type.bundle.ui-testing";
		};
/* End PBXNativeTarget section */

/* Begin PBXProject section */
		ECBFE8811E2FFEE3003ABF04 /* Project object */ = {
			isa = PBXProject;
			attributes = {
				LastSwiftUpdateCheck = 0820;
				LastUpgradeCheck = 0820;
				ORGANIZATIONNAME = "Simon Back";
				TargetAttributes = {
					ECBFE8881E2FFEE3003ABF04 = {
						CreatedOnToolsVersion = 8.2.1;
						DevelopmentTeam = VNVVY8QV7H;
						ProvisioningStyle = Automatic;
					};
					ECBFE8991E2FFEE4003ABF04 = {
						CreatedOnToolsVersion = 8.2.1;
						DevelopmentTeam = VNVVY8QV7H;
						ProvisioningStyle = Automatic;
						TestTargetID = ECBFE8881E2FFEE3003ABF04;
					};
					ECBFE8A41E2FFEE4003ABF04 = {
						CreatedOnToolsVersion = 8.2.1;
						DevelopmentTeam = VNVVY8QV7H;
						ProvisioningStyle = Automatic;
						TestTargetID = ECBFE8881E2FFEE3003ABF04;
					};
				};
			};
			buildConfigurationList = ECBFE8841E2FFEE3003ABF04 /* Build configuration list for PBXProject "Popcorn" */;
			compatibilityVersion = "Xcode 3.2";
			developmentRegion = English;
			hasScannedForEncodings = 0;
			knownRegions = (
				en,
				Base,
			);
			mainGroup = ECBFE8801E2FFEE3003ABF04;
			productRefGroup = ECBFE88A1E2FFEE3003ABF04 /* Products */;
			projectDirPath = "";
			projectRoot = "";
			targets = (
				ECBFE8881E2FFEE3003ABF04 /* Popcorn */,
				ECBFE8991E2FFEE4003ABF04 /* PopcornTests */,
				ECBFE8A41E2FFEE4003ABF04 /* PopcornUITests */,
			);
		};
/* End PBXProject section */

/* Begin PBXResourcesBuildPhase section */
		ECBFE8871E2FFEE3003ABF04 /* Resources */ = {
			isa = PBXResourcesBuildPhase;
			buildActionMask = 2147483647;
			files = (
				EC7415471E36628300CF7925 /* Introduction.storyboard in Resources */,
				ECBFE8C11E3023F0003ABF04 /* BottomMenu.storyboard in Resources */,
				ECBFE8BF1E3023E2003ABF04 /* TopMenu.storyboard in Resources */,
				ECBFE8941E2FFEE3003ABF04 /* Assets.xcassets in Resources */,
				ECBFE8C81E30269E003ABF04 /* Colors.txt in Resources */,
				EC2103CB1E33A15F008DAA90 /* Platforms.storyboard in Resources */,
				EC74153F1E356B9000CF7925 /* Preview.storyboard in Resources */,
				ECBFE8921E2FFEE3003ABF04 /* Video.storyboard in Resources */,
			);
			runOnlyForDeploymentPostprocessing = 0;
		};
		ECBFE8981E2FFEE4003ABF04 /* Resources */ = {
			isa = PBXResourcesBuildPhase;
			buildActionMask = 2147483647;
			files = (
			);
			runOnlyForDeploymentPostprocessing = 0;
		};
		ECBFE8A31E2FFEE4003ABF04 /* Resources */ = {
			isa = PBXResourcesBuildPhase;
			buildActionMask = 2147483647;
			files = (
			);
			runOnlyForDeploymentPostprocessing = 0;
		};
/* End PBXResourcesBuildPhase section */

/* Begin PBXShellScriptBuildPhase section */
		38802AB985A81FFDD69FA4E5 /* [CP] Embed Pods Frameworks */ = {
			isa = PBXShellScriptBuildPhase;
			buildActionMask = 2147483647;
			files = (
			);
			inputPaths = (
			);
			name = "[CP] Embed Pods Frameworks";
			outputPaths = (
			);
			runOnlyForDeploymentPostprocessing = 0;
			shellPath = /bin/sh;
			shellScript = "\"${SRCROOT}/Pods/Target Support Files/Pods-PopcornTests/Pods-PopcornTests-frameworks.sh\"\n";
			showEnvVarsInLog = 0;
		};
		3FEDEBBAEDCAC8379AD0F51C /* [CP] Check Pods Manifest.lock */ = {
			isa = PBXShellScriptBuildPhase;
			buildActionMask = 2147483647;
			files = (
			);
			inputPaths = (
			);
			name = "[CP] Check Pods Manifest.lock";
			outputPaths = (
			);
			runOnlyForDeploymentPostprocessing = 0;
			shellPath = /bin/sh;
			shellScript = "diff \"${PODS_ROOT}/../Podfile.lock\" \"${PODS_ROOT}/Manifest.lock\" > /dev/null\nif [ $? != 0 ] ; then\n    # print error to STDERR\n    echo \"error: The sandbox is not in sync with the Podfile.lock. Run 'pod install' or update your CocoaPods installation.\" >&2\n    exit 1\nfi\n";
			showEnvVarsInLog = 0;
		};
		5848AF5793B547E7B914954A /* [CP] Check Pods Manifest.lock */ = {
			isa = PBXShellScriptBuildPhase;
			buildActionMask = 2147483647;
			files = (
			);
			inputPaths = (
			);
			name = "[CP] Check Pods Manifest.lock";
			outputPaths = (
			);
			runOnlyForDeploymentPostprocessing = 0;
			shellPath = /bin/sh;
			shellScript = "diff \"${PODS_ROOT}/../Podfile.lock\" \"${PODS_ROOT}/Manifest.lock\" > /dev/null\nif [ $? != 0 ] ; then\n    # print error to STDERR\n    echo \"error: The sandbox is not in sync with the Podfile.lock. Run 'pod install' or update your CocoaPods installation.\" >&2\n    exit 1\nfi\n";
			showEnvVarsInLog = 0;
		};
		6B064789F56C7232FE622661 /* [CP] Copy Pods Resources */ = {
			isa = PBXShellScriptBuildPhase;
			buildActionMask = 2147483647;
			files = (
			);
			inputPaths = (
			);
			name = "[CP] Copy Pods Resources";
			outputPaths = (
			);
			runOnlyForDeploymentPostprocessing = 0;
			shellPath = /bin/sh;
			shellScript = "\"${SRCROOT}/Pods/Target Support Files/Pods-PopcornTests/Pods-PopcornTests-resources.sh\"\n";
			showEnvVarsInLog = 0;
		};
		6FB402B146EA6F0BD4145650 /* [CP] Embed Pods Frameworks */ = {
			isa = PBXShellScriptBuildPhase;
			buildActionMask = 2147483647;
			files = (
			);
			inputPaths = (
			);
			name = "[CP] Embed Pods Frameworks";
			outputPaths = (
			);
			runOnlyForDeploymentPostprocessing = 0;
			shellPath = /bin/sh;
			shellScript = "\"${SRCROOT}/Pods/Target Support Files/Pods-PopcornUITests/Pods-PopcornUITests-frameworks.sh\"\n";
			showEnvVarsInLog = 0;
		};
		822C2C931E8E1E7DC2944A82 /* [CP] Copy Pods Resources */ = {
			isa = PBXShellScriptBuildPhase;
			buildActionMask = 2147483647;
			files = (
			);
			inputPaths = (
			);
			name = "[CP] Copy Pods Resources";
			outputPaths = (
			);
			runOnlyForDeploymentPostprocessing = 0;
			shellPath = /bin/sh;
			shellScript = "\"${SRCROOT}/Pods/Target Support Files/Pods-PopcornUITests/Pods-PopcornUITests-resources.sh\"\n";
			showEnvVarsInLog = 0;
		};
		82EBBFCC88C87D7D930EFEAA /* [CP] Copy Pods Resources */ = {
			isa = PBXShellScriptBuildPhase;
			buildActionMask = 2147483647;
			files = (
			);
			inputPaths = (
			);
			name = "[CP] Copy Pods Resources";
			outputPaths = (
			);
			runOnlyForDeploymentPostprocessing = 0;
			shellPath = /bin/sh;
			shellScript = "\"${SRCROOT}/Pods/Target Support Files/Pods-Popcorn/Pods-Popcorn-resources.sh\"\n";
			showEnvVarsInLog = 0;
		};
		C0FB8F1E643CE8359D987604 /* [CP] Embed Pods Frameworks */ = {
			isa = PBXShellScriptBuildPhase;
			buildActionMask = 2147483647;
			files = (
			);
			inputPaths = (
			);
			name = "[CP] Embed Pods Frameworks";
			outputPaths = (
			);
			runOnlyForDeploymentPostprocessing = 0;
			shellPath = /bin/sh;
			shellScript = "\"${SRCROOT}/Pods/Target Support Files/Pods-Popcorn/Pods-Popcorn-frameworks.sh\"\n";
			showEnvVarsInLog = 0;
		};
		D3362A8781D7136739C82574 /* [CP] Check Pods Manifest.lock */ = {
			isa = PBXShellScriptBuildPhase;
			buildActionMask = 2147483647;
			files = (
			);
			inputPaths = (
			);
			name = "[CP] Check Pods Manifest.lock";
			outputPaths = (
			);
			runOnlyForDeploymentPostprocessing = 0;
			shellPath = /bin/sh;
			shellScript = "diff \"${PODS_ROOT}/../Podfile.lock\" \"${PODS_ROOT}/Manifest.lock\" > /dev/null\nif [ $? != 0 ] ; then\n    # print error to STDERR\n    echo \"error: The sandbox is not in sync with the Podfile.lock. Run 'pod install' or update your CocoaPods installation.\" >&2\n    exit 1\nfi\n";
			showEnvVarsInLog = 0;
		};
		ECBFE8C41E302659003ABF04 /* SwiftGen */ = {
			isa = PBXShellScriptBuildPhase;
			buildActionMask = 2147483647;
			files = (
			);
			inputPaths = (
			);
			name = SwiftGen;
			outputPaths = (
			);
			runOnlyForDeploymentPostprocessing = 0;
			shellPath = /bin/sh;
			shellScript = "if which swiftgen > /dev/null; then\nswiftgen storyboards \"$PROJECT_DIR/Popcorn\" --output \"$PROJECT_DIR/Popcorn/Constants/Storyboards.swift\" --template swift3\nswiftgen images \"$PROJECT_DIR/Popcorn\" --output \"$PROJECT_DIR/Popcorn/Constants/Images.swift\" --template swift3\nswiftgen colors \"$PROJECT_DIR/Colors.txt\" --output \"$PROJECT_DIR/Popcorn/Constants/Colors.swift\" --template swift3\nelse\necho \"warning: SwiftGen not installed, download it from https://github.com/AliSoftware/SwiftGen\"\nfi";
		};
/* End PBXShellScriptBuildPhase section */

/* Begin PBXSourcesBuildPhase section */
		ECBFE8851E2FFEE3003ABF04 /* Sources */ = {
			isa = PBXSourcesBuildPhase;
			buildActionMask = 2147483647;
			files = (
				ECBFE88F1E2FFEE3003ABF04 /* MenuViewController.swift in Sources */,
				EC2103D11E33A688008DAA90 /* TVService.swift in Sources */,
				EC7970E81E37CC3A00D633EB /* ActiveStations.swift in Sources */,
				EC2103D81E33A8F3008DAA90 /* PlatformsTableViewCell.swift in Sources */,
				EC7970E61E37C4A900D633EB /* ActiveVideos.swift in Sources */,
				ECBFE8DB1E319F16003ABF04 /* TopMenuCollectionViewCell.swift in Sources */,
				EC2F1EB41E36B87D00AD9C54 /* LiveSeriesStream.swift in Sources */,
				EC7970EB1E37F4DC00D633EB /* TVStationMovieStream.swift in Sources */,
				EC2F1EB21E36960B00AD9C54 /* SeriesStream.swift in Sources */,
				ECBFE8E31E31A264003ABF04 /* LiveMovieStream.swift in Sources */,
				ECBFE8D01E3027A8003ABF04 /* Storyboards.swift in Sources */,
				ECBFE8D81E319189003ABF04 /* TopMenuViewController.swift in Sources */,
				EC2103CF1E33A67A008DAA90 /* Service.swift in Sources */,
				EC2F1EAC1E36938A00AD9C54 /* Episode.swift in Sources */,
				EC2103D31E33A693008DAA90 /* VideoService.swift in Sources */,
				ECBFE8D21E30282A003ABF04 /* BottomMenuViewController.swift in Sources */,
				EC2F1EB81E36CFAD00AD9C54 /* TVStationSeriesStream.swift in Sources */,
				EC7415431E3578B000CF7925 /* PreviewViewController.swift in Sources */,
				EC2F1EB61E36B90200AD9C54 /* MediaStreamsArray.swift in Sources */,
				ECBFE8DF1E31A0FC003ABF04 /* MediaStream.swift in Sources */,
				ECBFE8CF1E3027A8003ABF04 /* Colors.swift in Sources */,
				EC74154A1E36728D00CF7925 /* IntroductionViewController.swift in Sources */,
				EC2F1EB01E3695B300AD9C54 /* Season.swift in Sources */,
				EC2103D61E33A8A9008DAA90 /* PlatformsViewController.swift in Sources */,
				EC74153D1E35554800CF7925 /* Masks.swift in Sources */,
				ECBFE8E11E31A252003ABF04 /* MovieStream.swift in Sources */,
				ECBFE8BB1E3000A6003ABF04 /* VideoViewController.swift in Sources */,
				ECBFE88D1E2FFEE3003ABF04 /* AppDelegate.swift in Sources */,
				EC7415451E3578F100CF7925 /* PreviewTableViewCell.swift in Sources */,
				EC2103DA1E33B9D4008DAA90 /* ServicesArray.swift in Sources */,
			);
			runOnlyForDeploymentPostprocessing = 0;
		};
		ECBFE8961E2FFEE4003ABF04 /* Sources */ = {
			isa = PBXSourcesBuildPhase;
			buildActionMask = 2147483647;
			files = (
				ECBFE89F1E2FFEE4003ABF04 /* PopcornTests.swift in Sources */,
			);
			runOnlyForDeploymentPostprocessing = 0;
		};
		ECBFE8A11E2FFEE4003ABF04 /* Sources */ = {
			isa = PBXSourcesBuildPhase;
			buildActionMask = 2147483647;
			files = (
				ECBFE8AA1E2FFEE4003ABF04 /* PopcornUITests.swift in Sources */,
			);
			runOnlyForDeploymentPostprocessing = 0;
		};
/* End PBXSourcesBuildPhase section */

/* Begin PBXTargetDependency section */
		ECBFE89C1E2FFEE4003ABF04 /* PBXTargetDependency */ = {
			isa = PBXTargetDependency;
			target = ECBFE8881E2FFEE3003ABF04 /* Popcorn */;
			targetProxy = ECBFE89B1E2FFEE4003ABF04 /* PBXContainerItemProxy */;
		};
		ECBFE8A71E2FFEE4003ABF04 /* PBXTargetDependency */ = {
			isa = PBXTargetDependency;
			target = ECBFE8881E2FFEE3003ABF04 /* Popcorn */;
			targetProxy = ECBFE8A61E2FFEE4003ABF04 /* PBXContainerItemProxy */;
		};
/* End PBXTargetDependency section */

/* Begin PBXVariantGroup section */
		ECBFE8901E2FFEE3003ABF04 /* Video.storyboard */ = {
			isa = PBXVariantGroup;
			children = (
				ECBFE8911E2FFEE3003ABF04 /* Base */,
			);
			name = Video.storyboard;
			sourceTree = "<group>";
		};
/* End PBXVariantGroup section */

/* Begin XCBuildConfiguration section */
		ECBFE8AC1E2FFEE4003ABF04 /* Debug */ = {
			isa = XCBuildConfiguration;
			buildSettings = {
				ALWAYS_SEARCH_USER_PATHS = NO;
				CLANG_ANALYZER_NONNULL = YES;
				CLANG_CXX_LANGUAGE_STANDARD = "gnu++0x";
				CLANG_CXX_LIBRARY = "libc++";
				CLANG_ENABLE_MODULES = YES;
				CLANG_ENABLE_OBJC_ARC = YES;
				CLANG_WARN_BOOL_CONVERSION = YES;
				CLANG_WARN_CONSTANT_CONVERSION = YES;
				CLANG_WARN_DIRECT_OBJC_ISA_USAGE = YES_ERROR;
				CLANG_WARN_DOCUMENTATION_COMMENTS = YES;
				CLANG_WARN_EMPTY_BODY = YES;
				CLANG_WARN_ENUM_CONVERSION = YES;
				CLANG_WARN_INFINITE_RECURSION = YES;
				CLANG_WARN_INT_CONVERSION = YES;
				CLANG_WARN_OBJC_ROOT_CLASS = YES_ERROR;
				CLANG_WARN_SUSPICIOUS_MOVE = YES;
				CLANG_WARN_UNREACHABLE_CODE = YES;
				CLANG_WARN__DUPLICATE_METHOD_MATCH = YES;
				COPY_PHASE_STRIP = NO;
				DEBUG_INFORMATION_FORMAT = dwarf;
				ENABLE_STRICT_OBJC_MSGSEND = YES;
				ENABLE_TESTABILITY = YES;
				GCC_C_LANGUAGE_STANDARD = gnu99;
				GCC_DYNAMIC_NO_PIC = NO;
				GCC_NO_COMMON_BLOCKS = YES;
				GCC_OPTIMIZATION_LEVEL = 0;
				GCC_PREPROCESSOR_DEFINITIONS = (
					"DEBUG=1",
					"$(inherited)",
				);
				GCC_WARN_64_TO_32_BIT_CONVERSION = YES;
				GCC_WARN_ABOUT_RETURN_TYPE = YES_ERROR;
				GCC_WARN_UNDECLARED_SELECTOR = YES;
				GCC_WARN_UNINITIALIZED_AUTOS = YES_AGGRESSIVE;
				GCC_WARN_UNUSED_FUNCTION = YES;
				GCC_WARN_UNUSED_VARIABLE = YES;
				MTL_ENABLE_DEBUG_INFO = YES;
				ONLY_ACTIVE_ARCH = YES;
				SDKROOT = appletvos;
				SWIFT_ACTIVE_COMPILATION_CONDITIONS = DEBUG;
				SWIFT_OPTIMIZATION_LEVEL = "-Onone";
				TARGETED_DEVICE_FAMILY = 3;
				TVOS_DEPLOYMENT_TARGET = 10.1;
			};
			name = Debug;
		};
		ECBFE8AD1E2FFEE4003ABF04 /* Release */ = {
			isa = XCBuildConfiguration;
			buildSettings = {
				ALWAYS_SEARCH_USER_PATHS = NO;
				CLANG_ANALYZER_NONNULL = YES;
				CLANG_CXX_LANGUAGE_STANDARD = "gnu++0x";
				CLANG_CXX_LIBRARY = "libc++";
				CLANG_ENABLE_MODULES = YES;
				CLANG_ENABLE_OBJC_ARC = YES;
				CLANG_WARN_BOOL_CONVERSION = YES;
				CLANG_WARN_CONSTANT_CONVERSION = YES;
				CLANG_WARN_DIRECT_OBJC_ISA_USAGE = YES_ERROR;
				CLANG_WARN_DOCUMENTATION_COMMENTS = YES;
				CLANG_WARN_EMPTY_BODY = YES;
				CLANG_WARN_ENUM_CONVERSION = YES;
				CLANG_WARN_INFINITE_RECURSION = YES;
				CLANG_WARN_INT_CONVERSION = YES;
				CLANG_WARN_OBJC_ROOT_CLASS = YES_ERROR;
				CLANG_WARN_SUSPICIOUS_MOVE = YES;
				CLANG_WARN_UNREACHABLE_CODE = YES;
				CLANG_WARN__DUPLICATE_METHOD_MATCH = YES;
				COPY_PHASE_STRIP = NO;
				DEBUG_INFORMATION_FORMAT = "dwarf-with-dsym";
				ENABLE_NS_ASSERTIONS = NO;
				ENABLE_STRICT_OBJC_MSGSEND = YES;
				GCC_C_LANGUAGE_STANDARD = gnu99;
				GCC_NO_COMMON_BLOCKS = YES;
				GCC_WARN_64_TO_32_BIT_CONVERSION = YES;
				GCC_WARN_ABOUT_RETURN_TYPE = YES_ERROR;
				GCC_WARN_UNDECLARED_SELECTOR = YES;
				GCC_WARN_UNINITIALIZED_AUTOS = YES_AGGRESSIVE;
				GCC_WARN_UNUSED_FUNCTION = YES;
				GCC_WARN_UNUSED_VARIABLE = YES;
				MTL_ENABLE_DEBUG_INFO = NO;
				SDKROOT = appletvos;
				SWIFT_OPTIMIZATION_LEVEL = "-Owholemodule";
				TARGETED_DEVICE_FAMILY = 3;
				TVOS_DEPLOYMENT_TARGET = 10.1;
				VALIDATE_PRODUCT = YES;
			};
			name = Release;
		};
		ECBFE8AF1E2FFEE4003ABF04 /* Debug */ = {
			isa = XCBuildConfiguration;
			baseConfigurationReference = CD3088C7C2C1ACD83C62B82B /* Pods-Popcorn.debug.xcconfig */;
			buildSettings = {
				ASSETCATALOG_COMPILER_APPICON_NAME = "App Icon & Top Shelf Image";
				ASSETCATALOG_COMPILER_LAUNCHIMAGE_NAME = LaunchImage;
				DEVELOPMENT_TEAM = VNVVY8QV7H;
				INFOPLIST_FILE = Popcorn/Info.plist;
				LD_RUNPATH_SEARCH_PATHS = "$(inherited) @executable_path/Frameworks";
				PRODUCT_BUNDLE_IDENTIFIER = "com.simon-back.Popcorn";
				PRODUCT_NAME = "$(TARGET_NAME)";
				SWIFT_VERSION = 3.0;
			};
			name = Debug;
		};
		ECBFE8B01E2FFEE4003ABF04 /* Release */ = {
			isa = XCBuildConfiguration;
			baseConfigurationReference = 6339C5F021A1441A259C1F82 /* Pods-Popcorn.release.xcconfig */;
			buildSettings = {
				ASSETCATALOG_COMPILER_APPICON_NAME = "App Icon & Top Shelf Image";
				ASSETCATALOG_COMPILER_LAUNCHIMAGE_NAME = LaunchImage;
				DEVELOPMENT_TEAM = VNVVY8QV7H;
				INFOPLIST_FILE = Popcorn/Info.plist;
				LD_RUNPATH_SEARCH_PATHS = "$(inherited) @executable_path/Frameworks";
				PRODUCT_BUNDLE_IDENTIFIER = "com.simon-back.Popcorn";
				PRODUCT_NAME = "$(TARGET_NAME)";
				SWIFT_VERSION = 3.0;
			};
			name = Release;
		};
		ECBFE8B21E2FFEE4003ABF04 /* Debug */ = {
			isa = XCBuildConfiguration;
			baseConfigurationReference = CA911B4F81930FF601485F0F /* Pods-PopcornTests.debug.xcconfig */;
			buildSettings = {
				ALWAYS_EMBED_SWIFT_STANDARD_LIBRARIES = YES;
				BUNDLE_LOADER = "$(TEST_HOST)";
				DEVELOPMENT_TEAM = VNVVY8QV7H;
				INFOPLIST_FILE = PopcornTests/Info.plist;
				LD_RUNPATH_SEARCH_PATHS = "$(inherited) @executable_path/Frameworks @loader_path/Frameworks";
				PRODUCT_BUNDLE_IDENTIFIER = "com.simon-back.PopcornTests";
				PRODUCT_NAME = "$(TARGET_NAME)";
				SWIFT_VERSION = 3.0;
				TEST_HOST = "$(BUILT_PRODUCTS_DIR)/Popcorn.app/Popcorn";
			};
			name = Debug;
		};
		ECBFE8B31E2FFEE4003ABF04 /* Release */ = {
			isa = XCBuildConfiguration;
			baseConfigurationReference = F36D1959A9E04B69E0E9532C /* Pods-PopcornTests.release.xcconfig */;
			buildSettings = {
				ALWAYS_EMBED_SWIFT_STANDARD_LIBRARIES = YES;
				BUNDLE_LOADER = "$(TEST_HOST)";
				DEVELOPMENT_TEAM = VNVVY8QV7H;
				INFOPLIST_FILE = PopcornTests/Info.plist;
				LD_RUNPATH_SEARCH_PATHS = "$(inherited) @executable_path/Frameworks @loader_path/Frameworks";
				PRODUCT_BUNDLE_IDENTIFIER = "com.simon-back.PopcornTests";
				PRODUCT_NAME = "$(TARGET_NAME)";
				SWIFT_VERSION = 3.0;
				TEST_HOST = "$(BUILT_PRODUCTS_DIR)/Popcorn.app/Popcorn";
			};
			name = Release;
		};
		ECBFE8B51E2FFEE4003ABF04 /* Debug */ = {
			isa = XCBuildConfiguration;
			baseConfigurationReference = 904C1503026865D5AF0EAAAA /* Pods-PopcornUITests.debug.xcconfig */;
			buildSettings = {
				ALWAYS_EMBED_SWIFT_STANDARD_LIBRARIES = YES;
				DEVELOPMENT_TEAM = VNVVY8QV7H;
				INFOPLIST_FILE = PopcornUITests/Info.plist;
				LD_RUNPATH_SEARCH_PATHS = "$(inherited) @executable_path/Frameworks @loader_path/Frameworks";
				PRODUCT_BUNDLE_IDENTIFIER = "com.simon-back.PopcornUITests";
				PRODUCT_NAME = "$(TARGET_NAME)";
				SWIFT_VERSION = 3.0;
				TEST_TARGET_NAME = Popcorn;
			};
			name = Debug;
		};
		ECBFE8B61E2FFEE4003ABF04 /* Release */ = {
			isa = XCBuildConfiguration;
			baseConfigurationReference = 6CE9AB730E18D6C52EDF5AA6 /* Pods-PopcornUITests.release.xcconfig */;
			buildSettings = {
				ALWAYS_EMBED_SWIFT_STANDARD_LIBRARIES = YES;
				DEVELOPMENT_TEAM = VNVVY8QV7H;
				INFOPLIST_FILE = PopcornUITests/Info.plist;
				LD_RUNPATH_SEARCH_PATHS = "$(inherited) @executable_path/Frameworks @loader_path/Frameworks";
				PRODUCT_BUNDLE_IDENTIFIER = "com.simon-back.PopcornUITests";
				PRODUCT_NAME = "$(TARGET_NAME)";
				SWIFT_VERSION = 3.0;
				TEST_TARGET_NAME = Popcorn;
			};
			name = Release;
		};
/* End XCBuildConfiguration section */

/* Begin XCConfigurationList section */
		ECBFE8841E2FFEE3003ABF04 /* Build configuration list for PBXProject "Popcorn" */ = {
			isa = XCConfigurationList;
			buildConfigurations = (
				ECBFE8AC1E2FFEE4003ABF04 /* Debug */,
				ECBFE8AD1E2FFEE4003ABF04 /* Release */,
			);
			defaultConfigurationIsVisible = 0;
			defaultConfigurationName = Release;
		};
		ECBFE8AE1E2FFEE4003ABF04 /* Build configuration list for PBXNativeTarget "Popcorn" */ = {
			isa = XCConfigurationList;
			buildConfigurations = (
				ECBFE8AF1E2FFEE4003ABF04 /* Debug */,
				ECBFE8B01E2FFEE4003ABF04 /* Release */,
			);
			defaultConfigurationIsVisible = 0;
			defaultConfigurationName = Release;
		};
		ECBFE8B11E2FFEE4003ABF04 /* Build configuration list for PBXNativeTarget "PopcornTests" */ = {
			isa = XCConfigurationList;
			buildConfigurations = (
				ECBFE8B21E2FFEE4003ABF04 /* Debug */,
				ECBFE8B31E2FFEE4003ABF04 /* Release */,
			);
			defaultConfigurationIsVisible = 0;
			defaultConfigurationName = Release;
		};
		ECBFE8B41E2FFEE4003ABF04 /* Build configuration list for PBXNativeTarget "PopcornUITests" */ = {
			isa = XCConfigurationList;
			buildConfigurations = (
				ECBFE8B51E2FFEE4003ABF04 /* Debug */,
				ECBFE8B61E2FFEE4003ABF04 /* Release */,
			);
			defaultConfigurationIsVisible = 0;
			defaultConfigurationName = Release;
		};
/* End XCConfigurationList section */
	};
	rootObject = ECBFE8811E2FFEE3003ABF04 /* Project object */;
}
